github.com/DATA-DOG/go-sqlmock v1.3.3 h1:CWUqKXe0s8A2z6qCgkP4Kru7wC11YoAnoupUKFDnH08=
github.com/DATA-DOG/go-sqlmock v1.3.3/go.mod h1:f/Ixk793poVmq4qj/V1dPUg2JEAKC73Q5eFN3EC/SaM=
github.com/Masterminds/squirrel v1.1.0 h1:baP1qLdoQCeTw3ifCdOq2dkYc6vGcmRdaociKLbEJXs=
github.com/Masterminds/squirrel v1.1.0/go.mod h1:yaPeOnPG5ZRwL9oKdTsO/prlkPbXWZlRVMQ/gGlzIuA=
github.com/NaySoftware/go-fcm v0.0.0-20180207124314-28fff9381d17 h1:B1AsIv1Ms6JuzXgEst+CKtVAqQCZlqI/kwJYlx3gYEM=
github.com/NaySoftware/go-fcm v0.0.0-20180207124314-28fff9381d17/go.mod h1:3qVrdgWvoMZMoRG+/nusrCNrcP4RYU4MWGv467XjqLI=
github.com/PuerkitoBio/goquery v1.5.0 h1:uGvmFXOA73IKluu/F84Xd1tt/z07GYm8X49XKHP7EJk=
github.com/PuerkitoBio/goquery v1.5.0/go.mod h1:qD2PgZ9lccMbQlc7eEOjaeRlFQON7xY8kdmcsrnKqMg=
github.com/RobinUS2/golang-moving-average v1.0.0 h1:PD7DDZNt+UFb9XlsBbTIu/DtXqqaD/MD86DYnk3mwvA=
github.com/RobinUS2/golang-moving-average v1.0.0/go.mod h1:MdzhY+KoEvi+OBygTPH0OSaKrOJzvILWN2SPQzaKVsY=
github.com/SaidinWoT/timespan v0.0.0-20160403210742-a3d8e4741124 h1:TLYKwyrCYBhTXMC9JuFFwtugk9Q2iVixqQKXfxS0TPI=
github.com/SaidinWoT/timespan v0.0.0-20160403210742-a3d8e4741124/go.mod h1:C1NXPK9z4q8t533nAdnzlEHucZsRqI66MnPwN8mWKKE=
github.com/andybalholm/cascadia v1.0.0 h1:hOCXnnZ5A+3eVDX8pvgl4kofXv2ELss0bKcqRySc45o=
github.com/andybalholm/cascadia v1.0.0/go.mod h1:GsXiBklL0woXo1j/WYWtSYYC4ouU9PqHO0sqidkEA4Y=
github.com/bwmarrin/discordgo v0.16.1-0.20181203210524-4abf4d7de66a h1:PqhgZV9xeMf00o9piB3IqqnLcF3Z5o8eUTIIRmfRW08=
github.com/bwmarrin/discordgo v0.16.1-0.20181203210524-4abf4d7de66a/go.mod h1:O9S4p+ofTFwB02em7jkpkV8M3R0/PUVOwN61zSZ0r4Q=
github.com/bwmarrin/discordgo v0.26.1 h1:AIrM+g3cl+iYBr4yBxCBp9tD9jR3K7upEjl0d89FRkE=
github.com/bwmarrin/discordgo v0.26.1/go.mod h1:NJZpH+1AfhIcyQsPeuBKsUtYrRnjkyu0kIVMCHkZtRY=
github.com/cockroachdb/apd v1.1.0 h1:3LFP3629v+1aKXU5Q37mxmRxX/pIu1nijXydLShEq5I=
github.com/cockroachdb/apd v1.1.0/go.mod h1:8Sl8LxpKi29FqWXR16WEFZRNSz3SoPzUzeMeY4+DwBQ=
github.com/davecgh/go-spew v1.1.0/go.mod h1:J7Y8YcW2NihsgmVo/mv3lAwl/skON4iLHjSsI+c5H38=
github.com/davecgh/go-spew v1.1.1 h1:vj9j/u1bqnvCEfJOwUhtlOARqs3+rkHYY13jYWTU97c=
github.com/davecgh/go-spew v1.1.1/go.mod h1:J7Y8YcW2NihsgmVo/mv3lAwl/skON4iLHjSsI+c5H38=
github.com/dchest/uniuri v0.0.0-20160212164326-8902c56451e9 h1:74lLNRzvsdIlkTgfDSMuaPjBr4cf6k7pwQQANm/yLKU=
github.com/dchest/uniuri v0.0.0-20160212164326-8902c56451e9/go.mod h1:GgB8SF9nRG+GqaDtLcwJZsQFhcogVCJ79j4EdT0c2V4=
github.com/eclipse/paho.mqtt.golang v1.1.1/go.mod h1:H9keYFcgq3Qr5OUJm/JZI/i6U7joQ8SYLhZwfeOo6Ts=
github.com/gbl08ma/ankiddie v0.1.0 h1:bglXUonii/nYbLCY6bPn689CkhZKycWbk0ZXRUgJlXE=
github.com/gbl08ma/ankiddie v0.1.0/go.mod h1:i3GZBEb3qRLD1JSdIbow9zvDsYM6Ntn+4xgkItdm7Qg=
github.com/gbl08ma/anko v100.1.2+incompatible h1:kdze229CPRlMB/rI9nGiy6nUiSdr14vhT65uKc1QTok=
github.com/gbl08ma/anko v100.1.2+incompatible/go.mod h1:x46fv431X15PT9oYmiwm5f5g20SZe5BwgZWezQHyQt4=
github.com/gbl08ma/gmqtt v0.0.0-20190507141315-dfa80c738f24 h1:8eLeWS+aTtPuq6vQuOxpLUnQLEPVHYeKYpBptadRKQs=
github.com/gbl08ma/gmqtt v0.0.0-20190507141315-dfa80c738f24/go.mod h1:+440kTcH/WLF4n/Co3z7d82Qx1EZY2v3DJJLQ2FCcoY=
github.com/gbl08ma/keybox v0.0.0-20180718235424-285a9d753c87 h1:gFBfc6p+RorhDnkOjxTV39rlNBe91D/K8iXFw1g6haM=
github.com/gbl08ma/keybox v0.0.0-20180718235424-285a9d753c87/go.mod h1:D2JIFk6K7zwpu+7NQeg5EeFTuTtO0ush2qN2qH8bcww=
github.com/gbl08ma/monkey v1.1.0 h1:sOFUOuvcy/FreK6DypV4Pwpk2PvlmWiSdkmLNG2QKwY=
github.com/gbl08ma/monkey v1.1.0/go.mod h1:g16LHqTvQ8wE5//vCUsLpmrmGhn5WoY67IhJAvssFgw=
github.com/gbl08ma/sqalx v0.5.3 h1:WlfTqbusbLTb1OvJl3LPjnH5FzloQtrCaSLH2BXWOBU=
github.com/gbl08ma/sqalx v0.5.3/go.mod h1:h8w/lacX38d/RTyTfpqxbigcvJE2dNLFx3BC6umnewQ=
github.com/gbl08ma/ssoclient v0.0.0-20180119211306-11586264f66c h1:nhfCEnG0RypK1xfd30Hp8EOftslW+94Uj2gg3SixeKQ=
github.com/gbl08ma/ssoclient v0.0.0-20180119211306-11586264f66c/go.mod h1:O2pl+pmU2f3DSD4HawmM7g27cyI8lTfhoOKJpWi2CLA=
github.com/gbl08ma/yarf v0.8.7 h1:3Ty/+YOJxw8fb5Oi5gTG9jFm4TafHZLndBQrFJ020+4=
github.com/gbl08ma/yarf v0.8.7/go.mod h1:nAnc5MRBX2V3bjHh5mREDpydVk5K8UdsrCfEc9GKpNg=
github.com/gin-contrib/sse v0.0.0-20170109093832-22d885f9ecc7/go.mod h1:VJ0WA2NBN22VlZ2dKZQPAPnyWw5XTlK1KymzLKsr59s=
github.com/gin-gonic/gin v1.3.0/go.mod h1:7cKuhb5qV2ggCFctp2fJQ+ErvciLZrIeoOSOm6mUr7Y=
github.com/go-errors/errors v1.0.1 h1:LUHzmkK3GUKUrL/1gfBUxAHzcev3apQlezX/+O7ma6w=
github.com/go-errors/errors v1.0.1/go.mod h1:f4zRHt4oKfwPJE5k8C9vpYG+aDHdBFUsgrm6/TyX73Q=
github.com/go-sql-driver/mysql v1.4.0 h1:7LxgVwFb2hIQtMm87NdgAVfXjnt4OePseqT1tKx+opk=
github.com/go-sql-driver/mysql v1.4.0/go.mod h1:zAC/RDZ24gD3HViQzih4MyKcchzm+sOG5ZlKdlhCg5w=
github.com/gofrs/uuid v3.2.0+incompatible h1:y12jRkkFxsd7GpqdSZ+/KCs/fJbqpEXSGd4+jfEaewE=
github.com/gofrs/uuid v3.2.0+incompatible/go.mod h1:b2aQJv3Z4Fp6yNu3cdSllBxTCLRxnplIgP/c0N/04lM=
github.com/golang/protobuf v1.2.0 h1:P3YflyNX/ehuJFLhxviNdFxQPkGK5cDcApsge1SqnvM=
github.com/golang/protobuf v1.2.0/go.mod h1:6lQm79b+lXiMfvg/cZm0SGofjICqVBUtrP5yJMmIC1U=
github.com/goodsign/monday v0.0.0-20190708072354-9bcb46af8546 h1:G9dgGvhJDZptwUwQbjJsJGiD4fWnHZil/i40Koj7toI=
github.com/goodsign/monday v0.0.0-20190708072354-9bcb46af8546/go.mod h1:u85tpSNZDCgHeHt42TxSKGXsjpz+bhxvRbSkLpewiaA=
github.com/gorilla/csrf v1.6.1 h1:wua1OxOTarfqtUVfiSvzs2zTr3qV57cXVGclVETJXXc=
github.com/gorilla/csrf v1.6.1/go.mod h1:7tSf8kmjNYr7IWDCYhd3U8Ck34iQ/Yw5CJu7bAkHEGI=
github.com/gorilla/feeds v1.1.0 h1:pcgLJhbdYgaUESnj3AmXPcB7cS3vy63+jC/TI14AGXk=
github.com/gorilla/feeds v1.1.0/go.mod h1:Nk0jZrvPFZX1OBe5NPiddPw7CfwF6Q9eqzaBbaightA=
github.com/gorilla/mux v1.7.3 h1:gnP5JzjVOuiZD07fKKToCAOjS0yOpj/qPETTXCCS6hw=
github.com/gorilla/mux v1.7.3/go.mod h1:1lud6UwP+6orDFRuTfBEV8e9/aOM/c4fVVCaMa2zaAs=
github.com/gorilla/securecookie v1.1.1 h1:miw7JPhV+b/lAHSXz4qd/nN9jRiAFV5FwjeKyCS8BvQ=
github.com/gorilla/securecookie v1.1.1/go.mod h1:ra0sb63/xPlUeL+yeDciTfxMRAA+MP+HVt/4epWDjd4=
github.com/gorilla/sessions v1.2.0 h1:S7P+1Hm5V/AT9cjEcUD5uDaQSX0OE577aCXgoaKpYbQ=
github.com/gorilla/sessions v1.2.0/go.mod h1:dk2InVEVJ0sfLlnXv9EAgkf6ecYs/i80K/zI+bUmuGM=
github.com/gorilla/websocket v1.4.0 h1:WDFjx/TMzVgy9VdMMQi2K2Emtwi2QcUQsztZ/zLaH/Q=
github.com/gorilla/websocket v1.4.0/go.mod h1:E7qHFY5m1UJ88s3WnNqhKjPHQ0heANvMoAMk2YaljkQ=
github.com/gorilla/websocket v1.4.2 h1:+/TMaTYc4QFitKJxsQ7Yye35DkWvkdLcvGKqM+x0Ufc=
github.com/gorilla/websocket v1.4.2/go.mod h1:YR8l580nyteQvAITg2hZ9XVh4b55+EU/adAjf1fMHhE=
github.com/govau/go-shellquote v0.0.0-20171012033555-73e52bf8b7b9 h1:OS0NBKI/rOQd/CsctbY/YJMi47pIrTwkXZY7sV+JX8I=
github.com/govau/go-shellquote v0.0.0-20171012033555-73e52bf8b7b9/go.mod h1:W6pavBuGjnIIiKnUmwclVhSjRHigf/jteaXpibMbVD0=
github.com/guregu/null v3.4.0+incompatible h1:a4mw37gBO7ypcBlTJeZGuMpSxxFTV9qFfFKgWxQSGaM=
github.com/guregu/null v3.4.0+incompatible/go.mod h1:ePGpQaN9cw0tj45IR5E5ehMvsFlLlQZAkkOXZurJ3NM=
github.com/haisum/recaptcha v0.0.0-20170327142240-7d3b8053900e h1:SLxmrOPIeLANjk9W0BRT9I9w6YAaSTV/RhGAvCfV4io=
github.com/haisum/recaptcha v0.0.0-20170327142240-7d3b8053900e/go.mod h1:4C2PL8L8RP6rj5QpimHOsQcMh1fecsamFK5aY2V7VBQ=
github.com/hako/durafmt v0.0.0-20180520121703-7b7ae1e72ead h1:Y9WOGZY2nw5ksbEf5AIpk+vK52Tdg/VN/rHFRfEeeGQ=
github.com/hako/durafmt v0.0.0-20180520121703-7b7ae1e72ead/go.mod h1:5Scbynm8dF1XAPwIwkGPqzkM/shndPm79Jd1003hTjE=
github.com/heetch/sqalx v0.4.0 h1:itQcEQuDY7GuUbSt4+urrRTNDWhM9bh9lJLWxnImqPQ=
github.com/heetch/sqalx v0.4.0/go.mod h1:E94nHyvfKEeIbbcHTc7eZSifTAOLES5Kz8gU04iZIgc=
github.com/iohub/Ahocorasick v0.0.0-20180515092143-9c34010b2b7e h1:xXwSKwzKK/r30natv+24cnHcyj7LD5vrmdemFS06vsU=
github.com/iohub/Ahocorasick v0.0.0-20180515092143-9c34010b2b7e/go.mod h1:8moxYaPMfqqyba59HJBOZ6f81HXL/TFznlgEpjKNCbw=
github.com/jackc/fake v0.0.0-20150926172116-812a484cc733 h1:vr3AYkKovP8uR8AvSGGUK1IDqRa5lAAvEkZG1LKaCRc=
github.com/jackc/fake v0.0.0-20150926172116-812a484cc733/go.mod h1:WrMFNQdiFJ80sQsxDoMokWK1W5TQtxBFNpzWTD84ibQ=
github.com/jackc/pgx v3.6.0+incompatible h1:bJeo4JdVbDAW8KB2m8XkFeo8CPipREoG37BwEoKGz+Q=
github.com/jackc/pgx v3.6.0+incompatible/go.mod h1:0ZGrqGqkRlliWnWB4zKnWtjbSWbGkVEFm4TeybAXq+I=
github.com/jmoiron/sqlx v0.0.0-20190426154859-38398a30ed85/go.mod h1:1FEQNm3xlJgrMD+FBdI9+xvCksHtbpVBBw5dYhBSsks=
github.com/jmoiron/sqlx v1.2.1-0.20190826204134-d7d95172beb5 h1:lrdPtrORjGv1HbbEvKWDUAy97mPpFm4B8hp77tcCUJY=
github.com/jmoiron/sqlx v1.2.1-0.20190826204134-d7d95172beb5/go.mod h1:1FEQNm3xlJgrMD+FBdI9+xvCksHtbpVBBw5dYhBSsks=
github.com/json-iterator/go v1.1.5/go.mod h1:+SdeFBvtyEkXs7REEP0seUULqWtbJapLOCVDaaPEHmU=
github.com/lann/builder v0.0.0-20180802200727-47ae307949d0 h1:SOEGU9fKiNWd/HOJuq6+3iTQz8KNCLtVX6idSoTLdUw=
github.com/lann/builder v0.0.0-20180802200727-47ae307949d0/go.mod h1:dXGbAdH5GtBTC4WfIxhKZfyBF/HBFgRZSWwZ9g/He9o=
github.com/lann/ps v0.0.0-20150810152359-62de8c46ede0 h1:P6pPBnrTSX3DEVR4fDembhRWSsG5rVo6hYhAB/ADZrk=
github.com/lann/ps v0.0.0-20150810152359-62de8c46ede0/go.mod h1:vmVJ0l/dxyfGW6FmdpVm2joNMFikkuWg0EoCKLGUMNw=
github.com/lib/pq v1.0.0/go.mod h1:5WUZQaWbwv1U+lTReE5YruASi9Al49XbQIvNi/34Woo=
github.com/lib/pq v1.2.0 h1:LXpIM/LZ5xGFhOpXAQUIMM1HdyqzVYM13zNdjCEEcA0=
github.com/lib/pq v1.2.0/go.mod h1:5WUZQaWbwv1U+lTReE5YruASi9Al49XbQIvNi/34Woo=
github.com/mattn/go-isatty v0.0.4/go.mod h1:M+lRXTBqGeGNdLjl/ufCoiOlB5xdOkqRJdNxMWT7Zi4=
github.com/mattn/go-sqlite3 v1.9.0 h1:pDRiWfl+++eC2FEFRy6jXmQlvp4Yh3z1MJKg4UeYM/4=
github.com/mattn/go-sqlite3 v1.9.0/go.mod h1:FPy6KqzDD04eiIsT53CuJW3U88zkxoIYsOqkbpncsNc=
github.com/medicalwei/recaptcha v0.0.0-20160713103057-1a62da3baba8 h1:ptkfzWwsKSaQuty4w5N/Uv/0OcMvYFG798inJGAp4SI=
github.com/medicalwei/recaptcha v0.0.0-20160713103057-1a62da3baba8/go.mod h1:UR9Gr/KGW3V778kJ2mNwcTl/dpjf979osiEsIcfr2sQ=
github.com/mmcdole/gofeed v1.0.0-beta2 h1:CjQ0ADhAwNSb08zknAkGOEYqr8zfZKfrzgk9BxpWP2E=
github.com/mmcdole/gofeed v1.0.0-beta2/go.mod h1:/BF9JneEL2/flujm8XHoxUcghdTV6vvb3xx/vKyChFU=
github.com/mmcdole/goxpp v0.0.0-20181012175147-0068e33feabf h1:sWGE2v+hO0Nd4yFU/S/mDBM5plIU8v/Qhfz41hkDIAI=
github.com/mmcdole/goxpp v0.0.0-20181012175147-0068e33feabf/go.mod h1:pasqhqstspkosTneA62Nc+2p9SOBBYAPbnmRRWPQ0V8=
github.com/modern-go/concurrent v0.0.0-20180306012644-bacd9c7ef1dd/go.mod h1:6dJC0mAP4ikYIbvyc7fijjWJddQyLn8Ig3JB5CqoB9Q=
github.com/modern-go/reflect2 v1.0.1/go.mod h1:bx2lNnkwVCuqBIxFjflWJWanXIb3RllmbCylyMrvgv0=
github.com/patrickmn/go-cache v2.1.0+incompatible h1:HRMgzkcYKYpi3C8ajMPV8OFXaaRUnok+kx1WdO15EQc=
github.com/patrickmn/go-cache v2.1.0+incompatible/go.mod h1:3Qf8kWWT7OJRJbdiICTKqZju1ZixQ/KpMGzzAfe6+WQ=
github.com/pkg/errors v0.8.0/go.mod h1:bwawxfHBFNV+L2hUp1rHADufV3IMtnDRdf1r5NINEl0=
github.com/pkg/errors v0.8.1 h1:iURUrRGxPUNPdy5/HRSm+Yj6okJ6UtLINN0Q9M4+h3I=
github.com/pkg/errors v0.8.1/go.mod h1:bwawxfHBFNV+L2hUp1rHADufV3IMtnDRdf1r5NINEl0=
github.com/pkg/math v0.0.0-20141027224758-f2ed9e40e245 h1:gk/AF9SGRj+RafNCoDcS3RRscb8S4BVbvqODOgWA7/8=
github.com/pkg/math v0.0.0-20141027224758-f2ed9e40e245/go.mod h1:2dhPPj2Li3DXrSY2U2ADdZy2B7sjQsT57lqENx1+FSE=
github.com/pmezard/go-difflib v1.0.0 h1:4DBwDE0NGyQoBHbLQYPwSUPoCMWR5BEzIk/f1lZbAQM=
github.com/pmezard/go-difflib v1.0.0/go.mod h1:iKH77koFhYxTK1pcRnkKkqfTogsbg7gZNVY4sRDYZ/4=
github.com/rickb777/date v1.12.4 h1:+6IzcCCS/1t17DrmnEvrznyq7nM8vPwir6/UhlyohKw=
github.com/rickb777/date v1.12.4/go.mod h1:xP0eo/I5qmUt97yRGClHZfyLZ3ikMw6v6SU5MOGZTE0=
github.com/rickb777/plural v1.2.0 h1:5tvEc7UBCZ7l8h/2UeybSkt/uu1DQsZFOFdNevmUhlE=
github.com/rickb777/plural v1.2.0/go.mod h1:UdpyWFCGbo3mvK3f/PfZOAOrkjzJlYN/sD46XNWJ+Es=
github.com/rogpeppe/fastuuid v1.1.0 h1:INyGLmTCMGFr6OVIb977ghJvABML2CMVjPoRfNDdYDo=
github.com/rogpeppe/fastuuid v1.1.0/go.mod h1:jVj6XXZzXRy/MSR5jhDC/2q6DgLz+nrA6LYCDYWNEvQ=
github.com/rogpeppe/fastuuid v1.2.0 h1:Ppwyp6VYCF1nvBTXL3trRso7mXMlRrw9ooo375wvi2s=
github.com/rogpeppe/fastuuid v1.2.0/go.mod h1:jVj6XXZzXRy/MSR5jhDC/2q6DgLz+nrA6LYCDYWNEvQ=
github.com/satori/go.uuid v1.2.1-0.20181028125025-b2ce2384e17b h1:gQZ0qzfKHQIybLANtM3mBXNUtOfsCFXeTsnBqCsx1KM=
github.com/satori/go.uuid v1.2.1-0.20181028125025-b2ce2384e17b/go.mod h1:dA0hQrYB0VpLJoorglMZABFdXlWrHn1NEOzdhQKdks0=
github.com/shopspring/decimal v0.0.0-20191009025716-f1972eb1d1f5 h1:Gojs/hac/DoYEM7WEICT45+hNWczIeuL5D21e5/HPAw=
github.com/shopspring/decimal v0.0.0-20191009025716-f1972eb1d1f5/go.mod h1:M+9NzErvs504Cn4c5DxATwIqPbtswREoFCre64PpcG4=
github.com/stretchr/objx v0.1.0/go.mod h1:HFkY916IF+rwdDfMAkV7OtwuqBVzrE8GR6GFx+wExME=
github.com/stretchr/testify v1.2.2/go.mod h1:a8OnRcib4nhh0OaRAV+Yts87kKdq0PP7pXfy6kDkUVs=
github.com/stretchr/testify v1.3.0/go.mod h1:M5WIy9Dh21IEIfnGCwXGc5bZfKNJtfHm1UVUgZn+9EI=
github.com/stretchr/testify v1.4.0 h1:2E4SXV/wtOkTonXsotYi4li6zVWxYlZuYNCXe9XRJyk=
github.com/stretchr/testify v1.4.0/go.mod h1:j7eGeouHqKxXV5pUuKE4zz7dFj8WfuZ+81PSLYec5m4=
github.com/thoas/go-funk v0.4.0 h1:KBaa5NL7NMtsFlQaD8nQMbDt1wuM+OOaNQyYNYQFhVo=
github.com/thoas/go-funk v0.4.0/go.mod h1:mlR+dHGb+4YgXkf13rkQTuzrneeHANxOm6+ZnEV9HsA=
github.com/ugorji/go/codec v0.0.0-20181209151446-772ced7fd4c2/go.mod h1:VFNgLljTbGfSG7qAOspJ7OScBnGdDN/yBr0sguwnwf0=
github.com/ulule/deepcopier v0.0.0-20171107155558-ca99b135e50f h1:QatZ4lsJBY3x1+Imst9g95+vUl7m52dqM9Pi4aSMW8w=
github.com/ulule/deepcopier v0.0.0-20171107155558-ca99b135e50f/go.mod h1:BNLmYJ8oMJPIPpNx5968jCyUhwEU1XT3YsuOqtbo5qo=
github.com/vmihailenco/msgpack v4.0.4+incompatible h1:dSLoQfGFAo3F6OoNhwUmLwVgaUXK79GlxNBwueZn0xI=
github.com/vmihailenco/msgpack v4.0.4+incompatible/go.mod h1:fy3FlTQTDXWkZ7Bh6AcGMlsjHatGryHQYUTf1ShIgkk=
github.com/yarf-framework/yarf v0.8.6 h1:MO13LhcnsdHc9C3biODuWtp/KqBxo3SLlAXGvj5i8Fc=
github.com/yarf-framework/yarf v0.8.6/go.mod h1:eJoi8jZ4fspk+5jrtzKEUan46ciyZYSHWDh425CuA+A=
go.tianon.xyz/progress v0.0.0-20181012173354-ace047765ac3 h1:290h/fCriaLqK4xOl42f4AvEEbU/2URjWwlsC47vr/0=
go.tianon.xyz/progress v0.0.0-20181012173354-ace047765ac3/go.mod h1:gOmH67wFTceqw7TNWHsDadU1G+M5WfsUxx/sZD7U7VM=
golang.org/x/crypto v0.0.0-20181030102418-4d3f4d9ffa16/go.mod h1:6SG95UA2DQfeDnfUPMdvaQW0Q7yPrPDi9nlGo2tz2b4=
golang.org/x/crypto v0.0.0-20190308221718-c2843e01d9a2/go.mod h1:djNgcEr1/C05ACkg1iLfiJU5Ep61QUkGW8qpdssI0+w=
golang.org/x/crypto v0.0.0-20191010185427-af544f31c8ac h1:/b4NMZurYfBIQyRMqaPGMDeUrSW6gU7/7Hv6owY1Vjk=
golang.org/x/crypto v0.0.0-20191010185427-af544f31c8ac/go.mod h1:yigFU9vqHzYiE8UmvKecakEJjdnWj3jj499lnFckfCI=
golang.org/x/crypto v0.0.0-20210421170649-83a5a9bb288b h1:7mWr3k41Qtv8XlltBkDkl8LoP3mpSgBW8BUoxtEdbXg=
golang.org/x/crypto v0.0.0-20210421170649-83a5a9bb288b/go.mod h1:T9bdIzuCu7OtxOm1hfPfRQxPLYneinmdGuTeoZ9dtd4=
golang.org/x/net v0.0.0-20180218175443-cbe0f9307d01/go.mod h1:mL1N/T3taQHkDXs73rZJwtUhF3w3ftmwwsq0BUmARs4=
golang.org/x/net v0.0.0-20180724234803-3673e40ba225/go.mod h1:mL1N/T3taQHkDXs73rZJwtUhF3w3ftmwwsq0BUmARs4=
golang.org/x/net v0.0.0-20181114220301-adae6a3d119a/go.mod h1:mL1N/T3taQHkDXs73rZJwtUhF3w3ftmwwsq0BUmARs4=
golang.org/x/net v0.0.0-20190404232315-eb5bcb51f2a3 h1:0GoQqolDA55aaLxZyTzK/Y2ePZzZTUrRacwib7cNsYQ=
golang.org/x/net v0.0.0-20190404232315-eb5bcb51f2a3/go.mod h1:t9HGtf8HONx5eT2rtn7q6eTqICYqUVnKs3thJo3Qplg=
golang.org/x/net v0.0.0-20210226172049-e18ecbb05110 h1:qWPm9rbaAMKs8Bq/9LRpbMqxWRVUAQwMI9fVrssnTfw=
golang.org/x/net v0.0.0-20210226172049-e18ecbb05110/go.mod h1:m0MpNAwzfU5UDzcl9v0D8zg8gWTRqZa9RBIspLL5mdg=
golang.org/x/oauth2 v0.0.0-20181203162652-d668ce993890 h1:uESlIz09WIHT2I+pasSXcpLYqYK8wHcdCetU3VuMBJE=
golang.org/x/oauth2 v0.0.0-20181203162652-d668ce993890/go.mod h1:N/0e6XlmueqKjAGxoOufVs8QHGRruUQn6yWY3a++T0U=
golang.org/x/sync v0.0.0-20190911185100-cd5d95a43a6e h1:vcxGaoTs7kV8m5Np9uUNQin4BrLOthgV7252N8V+FwY=
golang.org/x/sync v0.0.0-20190911185100-cd5d95a43a6e/go.mod h1:RxMgew5VJxzue5/jJTE5uejpjVlOe/izrB70Jof72aM=
golang.org/x/sys v0.0.0-20190215142949-d0b11bdaac8a/go.mod h1:STP8DvDyc/dI5b8T5hshtkjS+E42TnysNCUPdjciGhY=
golang.org/x/sys v0.0.0-20190412213103-97732733099d h1:+R4KGOnez64A81RvjARKc4UT5/tI9ujCIVX+P5KiHuI=
golang.org/x/sys v0.0.0-20190412213103-97732733099d/go.mod h1:h1NjWce9XRLGQEsW7wpKNCjG9DtNlClVuFLEZdDNbEs=
golang.org/x/sys v0.0.0-20201119102817-f84b799fce68 h1:nxC68pudNYkKU6jWhgrqdreuFiOQWj1Fs7T3VrH4Pjw=
golang.org/x/sys v0.0.0-20201119102817-f84b799fce68/go.mod h1:h1NjWce9XRLGQEsW7wpKNCjG9DtNlClVuFLEZdDNbEs=
golang.org/x/term v0.0.0-20201126162022-7de9c90e9dd1 h1:v+OssWQX+hTHEmOBgwxdZxK4zHq3yOs8F9J7mk0PY8E=
golang.org/x/term v0.0.0-20201126162022-7de9c90e9dd1/go.mod h1:bj7SfCRtBDWHUb9snDiAeCFNEtKQo2Wmx5Cou7ajbmo=
golang.org/x/text v0.3.0 h1:g61tztE5qeGQ89tm6NTjjM9VPIm088od1l6aSorWRWg=
golang.org/x/text v0.3.0/go.mod h1:NqM8EUOU14njkJ3fqMW+pc6Ldnwhi/IjpwHt7yyuwOQ=
golang.org/x/text v0.3.2 h1:tW2bmiBqwgJj/UpqtC8EpXEZVYOwU0yG4iWbprSVAcs=
golang.org/x/text v0.3.2/go.mod h1:bEr9sfX3Q8Zfm5fL9x+3itogRgK3+ptLWKqgva+5dAk=
golang.org/x/text v0.3.3 h1:cokOdA+Jmi5PJGXLlLllQSgYigAEfHXJAERHVMaCc2k=
golang.org/x/text v0.3.3/go.mod h1:5Zoc/QRtKVWzQhOtBMvqHzDpF6irO9z98xDceosuGiQ=
golang.org/x/tools v0.0.0-20180917221912-90fa682c2a6e/go.mod h1:n7NCudcB/nEzxVGmLbDWY5pfWTLqBcC2KZ6jyYvM4mQ=
google.golang.org/appengine v1.4.0 h1:/wp5JvzpHIxhs/dumFmF7BXTf3Z+dd4uXta4kVyO508=
google.golang.org/appengine v1.4.0/go.mod h1:xpcJRLb0r/rnEns0DIKYYv+WjYCduHsrkT7/EB5XEv4=
gopkg.in/alexcesaro/statsd.v2 v2.0.0 h1:FXkZSCZIH17vLCO5sO2UucTHsH9pc+17F6pl3JVCwMc=
gopkg.in/alexcesaro/statsd.v2 v2.0.0/go.mod h1:i0ubccKGzBVNBpdGV5MocxyA/XlLUJzA7SLonnE4drU=
gopkg.in/check.v1 v0.0.0-20161208181325-20d25e280405 h1:yhCVgyC4o1eVCa2tZl7eS0r+SDo693bJlVdllGtEeKM=
gopkg.in/check.v1 v0.0.0-20161208181325-20d25e280405/go.mod h1:Co6ibVJAznAaIkqp8huTwlJQCZ016jof/cbN4VW5Yz0=
gopkg.in/go-playground/validator.v8 v8.18.2/go.mod h1:RX2a/7Ha8BgOhfk7j780h4/u/RRjR0eouCJSH80/M2Y=
gopkg.in/vmihailenco/msgpack.v2 v2.9.1 h1:kb0VV7NuIojvRfzwslQeP3yArBqJHW9tOl4t38VS1jM=
gopkg.in/vmihailenco/msgpack.v2 v2.9.1/go.mod h1:/3Dn1Npt9+MYyLpYYXjInO/5jvMLamn+AEGwNEOatn8=
gopkg.in/yaml.v2 v2.2.2 h1:ZCJp+EgiOT7lHqUV2J862kp8Qj64Jo6az82+3Td9dZw=
gopkg.in/yaml.v2 v2.2.2/go.mod h1:hI93XBmqTisBFMUTm0b8Fm+jr3Dg1NNxqwp+5A1VGuI=
