github.com/DATA-DOG/go-sqlmock v1.3.3 h1:CWUqKXe0s8A2z6qCgkP4Kru7wC11YoAnoupUKFDnH08=
github.com/DATA-DOG/go-sqlmock v1.3.3/go.mod h1:f/Ixk793poVmq4qj/V1dPUg2JEAKC73Q5eFN3EC/SaM=
github.com/Masterminds/squirrel v1.5.3 h1:YPpoceAcxuzIljlr5iWpNKaql7hLeG1KLSrhvdHpkZc=
github.com/Masterminds/squirrel v1.5.3/go.mod h1:NNaOrjSoIDfDA40n7sr2tPNZRfjzjA400rg+riTZj10=
github.com/NaySoftware/go-fcm v0.0.0-20190516140123-808e978ddcd2 h1:0hjpEzUWez7uca/CUBhfidfotTCCI5fsj6Nb+TW5DLg=
github.com/NaySoftware/go-fcm v0.0.0-20190516140123-808e978ddcd2/go.mod h1:3qVrdgWvoMZMoRG+/nusrCNrcP4RYU4MWGv467XjqLI=
github.com/PuerkitoBio/goquery v1.8.1 h1:uQxhNlArOIdbrH1tr0UXwdVFgDcZDrZVdcpygAcwmWM=
github.com/PuerkitoBio/goquery v1.8.1/go.mod h1:Q8ICL1kNUJ2sXGoAhPGUdYDJvgQgHzJsnnd3H7Ho5jQ=
github.com/RobinUS2/golang-moving-average v1.0.0 h1:PD7DDZNt+UFb9XlsBbTIu/DtXqqaD/MD86DYnk3mwvA=
github.com/RobinUS2/golang-moving-average v1.0.0/go.mod h1:MdzhY+KoEvi+OBygTPH0OSaKrOJzvILWN2SPQzaKVsY=
github.com/SaidinWoT/timespan v0.0.0-20160403210742-a3d8e4741124 h1:TLYKwyrCYBhTXMC9JuFFwtugk9Q2iVixqQKXfxS0TPI=
github.com/SaidinWoT/timespan v0.0.0-20160403210742-a3d8e4741124/go.mod h1:C1NXPK9z4q8t533nAdnzlEHucZsRqI66MnPwN8mWKKE=
github.com/andybalholm/cascadia v1.3.1 h1:nhxRkql1kdYCc8Snf7D5/D3spOX+dBgjA6u8x004T2c=
github.com/andybalholm/cascadia v1.3.1/go.mod h1:R4bJ1UQfqADjvDa4P6HZHLh/3OxWWEqc0Sk8XGwHqvA=
github.com/anknown/ahocorasick v0.0.0-20170415101647-0c5fc0283558/go.mod h1:4yg+jNTYlDEzBjhGS96v+zjyA3lfXlFd5CiTLIkPBLI=
github.com/anknown/darts v0.0.0-20151216065714-83ff685239e6/go.mod h1:pbiaLIeYLUbgMY1kwEAdwO6UKD5ZNwdPGQlwokS9fe8=
github.com/bwmarrin/discordgo v0.27.0 h1:4ZK9KN+rGIxZ0fdGTmgdCcliQeW8Zhu6MnlFI92nf0Q=
github.com/bwmarrin/discordgo v0.27.0/go.mod h1:NJZpH+1AfhIcyQsPeuBKsUtYrRnjkyu0kIVMCHkZtRY=
github.com/cloudflare/ahocorasick v0.0.0-20131126104932-1ce46e42b741/go.mod h1:tGWUZLZp9ajsxUOnHmFFLnqnlKXsCn6GReG4jAD59H0=
github.com/creack/pty v1.1.9/go.mod h1:oKZEueFk5CKHvIhNR5MUki03XCEU+Q6VDXinZuGJ33E=
github.com/davecgh/go-spew v1.1.0/go.mod h1:J7Y8YcW2NihsgmVo/mv3lAwl/skON4iLHjSsI+c5H38=
github.com/davecgh/go-spew v1.1.1 h1:vj9j/u1bqnvCEfJOwUhtlOARqs3+rkHYY13jYWTU97c=
github.com/davecgh/go-spew v1.1.1/go.mod h1:J7Y8YcW2NihsgmVo/mv3lAwl/skON4iLHjSsI+c5H38=
github.com/dchest/uniuri v1.2.0 h1:koIcOUdrTIivZgSLhHQvKgqdWZq5d7KdMEWF1Ud6+5g=
github.com/dchest/uniuri v1.2.0/go.mod h1:fSzm4SLHzNZvWLvWJew423PhAzkpNQYq+uNLq4kxhkY=
github.com/eclipse/paho.mqtt.golang v1.1.1/go.mod h1:H9keYFcgq3Qr5OUJm/JZI/i6U7joQ8SYLhZwfeOo6Ts=
github.com/gbl08ma/ankiddie v0.1.0 h1:bglXUonii/nYbLCY6bPn689CkhZKycWbk0ZXRUgJlXE=
github.com/gbl08ma/ankiddie v0.1.0/go.mod h1:i3GZBEb3qRLD1JSdIbow9zvDsYM6Ntn+4xgkItdm7Qg=
github.com/gbl08ma/anko v100.1.2+incompatible h1:kdze229CPRlMB/rI9nGiy6nUiSdr14vhT65uKc1QTok=
github.com/gbl08ma/anko v100.1.2+incompatible/go.mod h1:x46fv431X15PT9oYmiwm5f5g20SZe5BwgZWezQHyQt4=
github.com/gbl08ma/gmqtt v0.0.0-20190507141315-dfa80c738f24 h1:8eLeWS+aTtPuq6vQuOxpLUnQLEPVHYeKYpBptadRKQs=
github.com/gbl08ma/gmqtt v0.0.0-20190507141315-dfa80c738f24/go.mod h1:+440kTcH/WLF4n/Co3z7d82Qx1EZY2v3DJJLQ2FCcoY=
github.com/gbl08ma/keybox v0.0.0-20180718235424-285a9d753c87 h1:gFBfc6p+RorhDnkOjxTV39rlNBe91D/K8iXFw1g6haM=
github.com/gbl08ma/keybox v0.0.0-20180718235424-285a9d753c87/go.mod h1:D2JIFk6K7zwpu+7NQeg5EeFTuTtO0ush2qN2qH8bcww=
github.com/gbl08ma/monkey v1.1.0/go.mod h1:g16LHqTvQ8wE5//vCUsLpmrmGhn5WoY67IhJAvssFgw=
github.com/gbl08ma/monkey v1.2.0 h1:ygFvZr8M6/CFMdj94qByu5HRZexzvKOzSRSrY2M+UwI=
github.com/gbl08ma/monkey v1.2.0/go.mod h1:pmjc/NT/fUrNY8fpAHsg5C32G48Zo6nRbPWgAbK4iVI=
github.com/gbl08ma/sqalx v0.5.3 h1:WlfTqbusbLTb1OvJl3LPjnH5FzloQtrCaSLH2BXWOBU=
github.com/gbl08ma/sqalx v0.5.3/go.mod h1:h8w/lacX38d/RTyTfpqxbigcvJE2dNLFx3BC6umnewQ=
github.com/gbl08ma/ssoclient v0.0.0-20180119211306-11586264f66c h1:nhfCEnG0RypK1xfd30Hp8EOftslW+94Uj2gg3SixeKQ=
github.com/gbl08ma/ssoclient v0.0.0-20180119211306-11586264f66c/go.mod h1:O2pl+pmU2f3DSD4HawmM7g27cyI8lTfhoOKJpWi2CLA=
github.com/gbl08ma/yarf v0.8.7 h1:3Ty/+YOJxw8fb5Oi5gTG9jFm4TafHZLndBQrFJ020+4=
github.com/gbl08ma/yarf v0.8.7/go.mod h1:nAnc5MRBX2V3bjHh5mREDpydVk5K8UdsrCfEc9GKpNg=
github.com/gin-contrib/sse v0.0.0-20170109093832-22d885f9ecc7/go.mod h1:VJ0WA2NBN22VlZ2dKZQPAPnyWw5XTlK1KymzLKsr59s=
github.com/gin-gonic/gin v1.3.0/go.mod h1:7cKuhb5qV2ggCFctp2fJQ+ErvciLZrIeoOSOm6mUr7Y=
github.com/go-errors/errors v1.4.2 h1:J6MZopCL4uSllY1OfXM374weqZFFItUbrImctkmUxIA=
github.com/go-errors/errors v1.4.2/go.mod h1:sIVyrIiJhuEF+Pj9Ebtd6P/rEYROXFi3BopGUQ5a5Og=
github.com/go-sql-driver/mysql v1.4.0/go.mod h1:zAC/RDZ24gD3HViQzih4MyKcchzm+sOG5ZlKdlhCg5w=
github.com/go-sql-driver/mysql v1.6.0 h1:BCTh4TKNUYmOmMUcQ3IipzF5prigylS7XXjEkfCHuOE=
github.com/go-sql-driver/mysql v1.6.0/go.mod h1:DCzpHaOWr8IXmIStZouvnhqoel9Qv2LBy8hT2VhHyBg=
github.com/golang/protobuf v1.2.0/go.mod h1:6lQm79b+lXiMfvg/cZm0SGofjICqVBUtrP5yJMmIC1U=
github.com/golang/protobuf v1.3.1/go.mod h1:6lQm79b+lXiMfvg/cZm0SGofjICqVBUtrP5yJMmIC1U=
github.com/golang/protobuf v1.5.0/go.mod h1:FsONVRAS9T7sI+LIUmWTfcYkHO4aIWwzhcaSAoJOfIk=
github.com/golang/protobuf v1.5.2 h1:ROPKBNFfQgOUMifHyP+KYbvpjbdoFNs+aK7DXlji0Tw=
github.com/golang/protobuf v1.5.2/go.mod h1:XVQd3VNwM+JqD3oG2Ue2ip4fOMUkwXdXDdiuN0vRsmY=
github.com/goodsign/monday v1.0.0 h1:Yyk/s/WgudMbAJN6UWSU5xAs8jtNewfqtVblAlw0yoc=
github.com/goodsign/monday v1.0.0/go.mod h1:r4T4breXpoFwspQNM+u2sLxJb2zyTaxVGqUfTBjWOu8=
github.com/google/go-cmp v0.5.5/go.mod h1:v8dTdLbMG2kIc/vJvl+f65V22dbkXbowE6jgT/gNBxE=
github.com/google/go-cmp v0.5.9 h1:O2Tfq5qg4qc4AmwVlvv0oLiVAGB7enBSJ2x2DqQFi38=
github.com/google/go-cmp v0.5.9/go.mod h1:17dUlkBOakJ0+DkrSSNjCkIjxS6bF9zb3elmeNGIjoY=
github.com/google/gofuzz v1.0.0/go.mod h1:dBl0BpW6vV/+mYPU4Po3pmUjxk6FQPldtuIdl/M65Eg=
github.com/gorilla/csrf v1.7.1 h1:Ir3o2c1/Uzj6FBxMlAUB6SivgVMy1ONXwYgXn+/aHPE=
github.com/gorilla/csrf v1.7.1/go.mod h1:+a/4tCmqhG6/w4oafeAZ9pEa3/NZOWYVbD9fV0FwIQA=
github.com/gorilla/feeds v1.1.1 h1:HwKXxqzcRNg9to+BbvJog4+f3s/xzvtZXICcQGutYfY=
github.com/gorilla/feeds v1.1.1/go.mod h1:Nk0jZrvPFZX1OBe5NPiddPw7CfwF6Q9eqzaBbaightA=
github.com/gorilla/mux v1.8.0 h1:i40aqfkR1h2SlN9hojwV5ZA91wcXFOvkdNIeFDP5koI=
github.com/gorilla/mux v1.8.0/go.mod h1:DVbg23sWSpFRCP0SfiEN6jmj59UnW/n46BH5rLB71So=
github.com/gorilla/securecookie v1.1.1 h1:miw7JPhV+b/lAHSXz4qd/nN9jRiAFV5FwjeKyCS8BvQ=
github.com/gorilla/securecookie v1.1.1/go.mod h1:ra0sb63/xPlUeL+yeDciTfxMRAA+MP+HVt/4epWDjd4=
github.com/gorilla/sessions v1.2.1 h1:DHd3rPN5lE3Ts3D8rKkQ8x/0kqfeNmBAaiSi+o7FsgI=
github.com/gorilla/sessions v1.2.1/go.mod h1:dk2InVEVJ0sfLlnXv9EAgkf6ecYs/i80K/zI+bUmuGM=
github.com/gorilla/websocket v1.4.0/go.mod h1:E7qHFY5m1UJ88s3WnNqhKjPHQ0heANvMoAMk2YaljkQ=
github.com/gorilla/websocket v1.4.2/go.mod h1:YR8l580nyteQvAITg2hZ9XVh4b55+EU/adAjf1fMHhE=
github.com/gorilla/websocket v1.5.0 h1:PPwGk2jz7EePpoHN/+ClbZu8SPxiqlu12wZP/3sWmnc=
github.com/gorilla/websocket v1.5.0/go.mod h1:YR8l580nyteQvAITg2hZ9XVh4b55+EU/adAjf1fMHhE=
github.com/govau/go-shellquote v0.0.0-20171012033555-73e52bf8b7b9 h1:OS0NBKI/rOQd/CsctbY/YJMi47pIrTwkXZY7sV+JX8I=
github.com/govau/go-shellquote v0.0.0-20171012033555-73e52bf8b7b9/go.mod h1:W6pavBuGjnIIiKnUmwclVhSjRHigf/jteaXpibMbVD0=
github.com/haisum/recaptcha v0.0.0-20170327142240-7d3b8053900e h1:SLxmrOPIeLANjk9W0BRT9I9w6YAaSTV/RhGAvCfV4io=
github.com/haisum/recaptcha v0.0.0-20170327142240-7d3b8053900e/go.mod h1:4C2PL8L8RP6rj5QpimHOsQcMh1fecsamFK5aY2V7VBQ=
github.com/hako/durafmt v0.0.0-20210608085754-5c1018a4e16b h1:wDUNC2eKiL35DbLvsDhiblTUXHxcOPwQSCzi7xpQUN4=
github.com/hako/durafmt v0.0.0-20210608085754-5c1018a4e16b/go.mod h1:VzxiSdG6j1pi7rwGm/xYI5RbtpBgM8sARDXlvEvxlu0=
github.com/heetch/sqalx v0.4.0 h1:itQcEQuDY7GuUbSt4+urrRTNDWhM9bh9lJLWxnImqPQ=
github.com/heetch/sqalx v0.4.0/go.mod h1:E94nHyvfKEeIbbcHTc7eZSifTAOLES5Kz8gU04iZIgc=
github.com/iohub/ahocorasick v0.0.0-20190713143823-b7bfd8ad9e27 h1:OqwPHTYpoLiWOiaxiqaT3lcJ1gRPOxLymnIweR9em2c=
github.com/iohub/ahocorasick v0.0.0-20190713143823-b7bfd8ad9e27/go.mod h1:HYvkm/DoDY4MzKrf1Iobik7c3a64giSEeWhrSdb3e8o=
github.com/jackc/pgx v3.6.2+incompatible h1:2zP5OD7kiyR3xzRYMhOcXVvkDZsImVXfj+yIyTQf3/o=
github.com/jackc/pgx v3.6.2+incompatible/go.mod h1:0ZGrqGqkRlliWnWB4zKnWtjbSWbGkVEFm4TeybAXq+I=
github.com/jmoiron/sqlx v0.0.0-20190426154859-38398a30ed85/go.mod h1:1FEQNm3xlJgrMD+FBdI9+xvCksHtbpVBBw5dYhBSsks=
github.com/jmoiron/sqlx v1.2.1-0.20190826204134-d7d95172beb5/go.mod h1:1FEQNm3xlJgrMD+FBdI9+xvCksHtbpVBBw5dYhBSsks=
github.com/jmoiron/sqlx v1.3.5 h1:vFFPA71p1o5gAeqtEAwLU4dnX2napprKtHr7PYIcN3g=
github.com/jmoiron/sqlx v1.3.5/go.mod h1:nRVWtLre0KfCLJvgxzCsLVMogSvQ1zNJtpYr2Ccp0mQ=
github.com/json-iterator/go v1.1.5/go.mod h1:+SdeFBvtyEkXs7REEP0seUULqWtbJapLOCVDaaPEHmU=
github.com/json-iterator/go v1.1.12 h1:PV8peI4a0ysnczrg+LtxykD8LfKY9ML6u2jnxaEnrnM=
github.com/json-iterator/go v1.1.12/go.mod h1:e30LSqwooZae/UwlEbR2852Gd8hjQvJoHmT4TnhNGBo=
github.com/kr/pretty v0.3.1 h1:flRD4NNwYAUpkphVc1HcthR4KEIFJ65n8Mw5qdRn3LE=
github.com/kr/pretty v0.3.1/go.mod h1:hoEshYVHaxMs3cyo3Yncou5ZscifuDolrwPKZanG3xk=
github.com/kr/text v0.2.0 h1:5Nx0Ya0ZqY2ygV366QzturHI13Jq95ApcVaJBhpS+AY=
github.com/kr/text v0.2.0/go.mod h1:eLer722TekiGuMkidMxC/pM04lWEeraHUUmBw8l2grE=
github.com/lann/builder v0.0.0-20180802200727-47ae307949d0 h1:SOEGU9fKiNWd/HOJuq6+3iTQz8KNCLtVX6idSoTLdUw=
github.com/lann/builder v0.0.0-20180802200727-47ae307949d0/go.mod h1:dXGbAdH5GtBTC4WfIxhKZfyBF/HBFgRZSWwZ9g/He9o=
github.com/lann/ps v0.0.0-20150810152359-62de8c46ede0 h1:P6pPBnrTSX3DEVR4fDembhRWSsG5rVo6hYhAB/ADZrk=
github.com/lann/ps v0.0.0-20150810152359-62de8c46ede0/go.mod h1:vmVJ0l/dxyfGW6FmdpVm2joNMFikkuWg0EoCKLGUMNw=
github.com/lib/pq v1.0.0/go.mod h1:5WUZQaWbwv1U+lTReE5YruASi9Al49XbQIvNi/34Woo=
github.com/lib/pq v1.2.0/go.mod h1:5WUZQaWbwv1U+lTReE5YruASi9Al49XbQIvNi/34Woo=
github.com/lib/pq v1.10.7 h1:p7ZhMD+KsSRozJr34udlUrhboJwWAgCg34+/ZZNvZZw=
github.com/lib/pq v1.10.7/go.mod h1:AlVN5x4E4T544tWzH6hKfbfQvm3HdbOxrmggDNAPY9o=
github.com/mattn/go-isatty v0.0.4/go.mod h1:M+lRXTBqGeGNdLjl/ufCoiOlB5xdOkqRJdNxMWT7Zi4=
github.com/mattn/go-sqlite3 v1.9.0/go.mod h1:FPy6KqzDD04eiIsT53CuJW3U88zkxoIYsOqkbpncsNc=
github.com/mattn/go-sqlite3 v1.14.6 h1:dNPt6NO46WmLVt2DLNpwczCmdV5boIZ6g/tlDrlRUbg=
github.com/mattn/go-sqlite3 v1.14.6/go.mod h1:NyWgC/yNuGj7Q9rpYnZvas74GogHl5/Z4A/KQRfk6bU=
github.com/medicalwei/recaptcha v0.0.0-20160713103057-1a62da3baba8 h1:ptkfzWwsKSaQuty4w5N/Uv/0OcMvYFG798inJGAp4SI=
github.com/medicalwei/recaptcha v0.0.0-20160713103057-1a62da3baba8/go.mod h1:UR9Gr/KGW3V778kJ2mNwcTl/dpjf979osiEsIcfr2sQ=
github.com/mmcdole/gofeed v1.2.0 h1:kuq7tJnDf0pnsDzF820ukuySHxFimAcizpG15gYHIns=
github.com/mmcdole/gofeed v1.2.0/go.mod h1:TEyTG4gw4Q5Co+Hgahx/Oi3E0JHLM8BXtWC+mkJtRsw=
github.com/mmcdole/goxpp v1.0.0 h1:/eu75G4jwH/LaugmPVB0FFC8LdKw00UMrpo6N7ym45o=
github.com/mmcdole/goxpp v1.0.0/go.mod h1:v+25+lT2ViuQ7mVxcncQ8ch1URund48oH+jhjiwEgS8=
github.com/modern-go/concurrent v0.0.0-20180228061459-e0a39a4cb421/go.mod h1:6dJC0mAP4ikYIbvyc7fijjWJddQyLn8Ig3JB5CqoB9Q=
github.com/modern-go/concurrent v0.0.0-20180306012644-bacd9c7ef1dd h1:TRLaZ9cD/w8PVh93nsPXa1VrQ6jlwL5oN8l14QlcNfg=
github.com/modern-go/concurrent v0.0.0-20180306012644-bacd9c7ef1dd/go.mod h1:6dJC0mAP4ikYIbvyc7fijjWJddQyLn8Ig3JB5CqoB9Q=
github.com/modern-go/reflect2 v1.0.1/go.mod h1:bx2lNnkwVCuqBIxFjflWJWanXIb3RllmbCylyMrvgv0=
github.com/modern-go/reflect2 v1.0.2 h1:xBagoLtFs94CBntxluKeaWgTMpvLxC4ur3nMaC9Gz0M=
github.com/modern-go/reflect2 v1.0.2/go.mod h1:yWuevngMOJpCy52FWWMvUC8ws7m/LJsjYzDa0/r8luk=
github.com/onsi/gomega v1.24.0 h1:+0glovB9Jd6z3VR+ScSwQqXVTIfJcGA9UBM8yzQxhqg=
github.com/onsi/gomega v1.24.0/go.mod h1:Z/NWtiqwBrwUt4/2loMmHL63EDLnYHmVbuBpDr2vQAg=
github.com/patrickmn/go-cache v2.1.0+incompatible h1:HRMgzkcYKYpi3C8ajMPV8OFXaaRUnok+kx1WdO15EQc=
github.com/patrickmn/go-cache v2.1.0+incompatible/go.mod h1:3Qf8kWWT7OJRJbdiICTKqZju1ZixQ/KpMGzzAfe6+WQ=
github.com/pkg/diff v0.0.0-20210226163009-20ebb0f2a09e/go.mod h1:pJLUxLENpZxwdsKMEsNbx1VGcRFpLqf3715MtcvvzbA=
github.com/pkg/errors v0.9.1 h1:FEBLx1zS214owpjy7qsBeixbURkuhQAwrK5UwLGTwt4=
github.com/pkg/errors v0.9.1/go.mod h1:bwawxfHBFNV+L2hUp1rHADufV3IMtnDRdf1r5NINEl0=
github.com/pkg/math v0.0.0-20141027224758-f2ed9e40e245 h1:gk/AF9SGRj+RafNCoDcS3RRscb8S4BVbvqODOgWA7/8=
github.com/pkg/math v0.0.0-20141027224758-f2ed9e40e245/go.mod h1:2dhPPj2Li3DXrSY2U2ADdZy2B7sjQsT57lqENx1+FSE=
github.com/pmezard/go-difflib v1.0.0 h1:4DBwDE0NGyQoBHbLQYPwSUPoCMWR5BEzIk/f1lZbAQM=
github.com/pmezard/go-difflib v1.0.0/go.mod h1:iKH77koFhYxTK1pcRnkKkqfTogsbg7gZNVY4sRDYZ/4=
github.com/rickb777/date v1.20.1 h1:7MzSOc42Hbr5UXiQOihAAXoYDoeyzr0Hwvt+hCjBDV4=
github.com/rickb777/date v1.20.1/go.mod h1:9MqjVxT6a/AQTA4nxj9E6G3ksQiMESTn9/9kfE+CvwU=
github.com/rickb777/plural v1.4.1 h1:5MMLcbIaapLFmvDGRT5iPk8877hpTPt8Y9cdSKRw9sU=
github.com/rickb777/plural v1.4.1/go.mod h1:kdmXUpmKBJTS0FtG/TFumd//VBWsNTD7zOw7x4umxNw=
github.com/rogpeppe/fastuuid v1.1.0/go.mod h1:jVj6XXZzXRy/MSR5jhDC/2q6DgLz+nrA6LYCDYWNEvQ=
github.com/rogpeppe/fastuuid v1.2.0 h1:Ppwyp6VYCF1nvBTXL3trRso7mXMlRrw9ooo375wvi2s=
github.com/rogpeppe/fastuuid v1.2.0/go.mod h1:jVj6XXZzXRy/MSR5jhDC/2q6DgLz+nrA6LYCDYWNEvQ=
github.com/rogpeppe/go-internal v1.9.0 h1:73kH8U+JUqXU8lRuOHeVHaa/SZPifC7BkcraZVejAe8=
github.com/rogpeppe/go-internal v1.9.0/go.mod h1:WtVeX8xhTBvf0smdhujwtBcq4Qrzq/fJaraNFVN+nFs=
github.com/satori/go.uuid v1.2.1-0.20181028125025-b2ce2384e17b h1:gQZ0qzfKHQIybLANtM3mBXNUtOfsCFXeTsnBqCsx1KM=
github.com/satori/go.uuid v1.2.1-0.20181028125025-b2ce2384e17b/go.mod h1:dA0hQrYB0VpLJoorglMZABFdXlWrHn1NEOzdhQKdks0=
github.com/stretchr/objx v0.1.0/go.mod h1:HFkY916IF+rwdDfMAkV7OtwuqBVzrE8GR6GFx+wExME=
github.com/stretchr/testify v1.2.2/go.mod h1:a8OnRcib4nhh0OaRAV+Yts87kKdq0PP7pXfy6kDkUVs=
github.com/stretchr/testify v1.3.0/go.mod h1:M5WIy9Dh21IEIfnGCwXGc5bZfKNJtfHm1UVUgZn+9EI=
github.com/stretchr/testify v1.4.0/go.mod h1:j7eGeouHqKxXV5pUuKE4zz7dFj8WfuZ+81PSLYec5m4=
github.com/stretchr/testify v1.8.1 h1:w7B6lhMri9wdJUVmEZPGGhZzrYTPvgJArz7wNPgYKsk=
github.com/stretchr/testify v1.8.1/go.mod h1:w2LPCIKwWwSfY2zedu0+kehJoqGctiVI29o6fzry7u4=
github.com/thoas/go-funk v0.9.3 h1:7+nAEx3kn5ZJcnDm2Bh23N2yOtweO14bi//dvRtgLpw=
github.com/thoas/go-funk v0.9.3/go.mod h1:+IWnUfUmFO1+WVYQWQtIJHeRRdaIyyYglZN7xzUPe4Q=
github.com/ugorji/go/codec v0.0.0-20181209151446-772ced7fd4c2/go.mod h1:VFNgLljTbGfSG7qAOspJ7OScBnGdDN/yBr0sguwnwf0=
github.com/ulule/deepcopier v0.0.0-20200430083143-45decc6639b6 h1:TtyC78WMafNW8QFfv3TeP3yWNDG+uxNkk9vOrnDu6JA=
github.com/ulule/deepcopier v0.0.0-20200430083143-45decc6639b6/go.mod h1:h8272+G2omSmi30fBXiZDMkmHuOgonplfKIKjQWzlfs=
github.com/vmihailenco/msgpack v4.0.4+incompatible h1:dSLoQfGFAo3F6OoNhwUmLwVgaUXK79GlxNBwueZn0xI=
github.com/vmihailenco/msgpack v4.0.4+incompatible/go.mod h1:fy3FlTQTDXWkZ7Bh6AcGMlsjHatGryHQYUTf1ShIgkk=
github.com/yuin/goldmark v1.4.13/go.mod h1:6yULJ656Px+3vBD8DxQVa3kxgyrAnzto9xy5taEt/CY=
go.tianon.xyz/progress v0.0.0-20210607050815-67b5d511c1e4 h1:wFK3nnYQQfPcz3ukPX/XjdAxY5ZuHQxZ8Oh38R7Danc=
go.tianon.xyz/progress v0.0.0-20210607050815-67b5d511c1e4/go.mod h1:vOBHVWKR12CE7aUFjaoVqYJO0Zh6pG4XxU73nNMRN6E=
golang.org/x/crypto v0.0.0-20190308221718-c2843e01d9a2/go.mod h1:djNgcEr1/C05ACkg1iLfiJU5Ep61QUkGW8qpdssI0+w=
golang.org/x/crypto v0.0.0-20210421170649-83a5a9bb288b/go.mod h1:T9bdIzuCu7OtxOm1hfPfRQxPLYneinmdGuTeoZ9dtd4=
golang.org/x/crypto v0.0.0-20210513164829-c07d793c2f9a/go.mod h1:P+XmwS30IXTQdn5tA2iutPOUgjI07+tq3H3K9MVA1s8=
golang.org/x/crypto v0.0.0-20210921155107-089bfa567519/go.mod h1:GvvjBRRGRdwPK5ydBHafDWAxML/pGHZbMvKqRZ5+Abc=
golang.org/x/crypto v0.6.0 h1:qfktjS5LUO+fFKeJXZ+ikTRijMmljikvG68fpMMruSc=
golang.org/x/crypto v0.6.0/go.mod h1:OFC/31mSvZgRz0V1QTNCzfAI1aIRzbiufJtkMIlEp58=
golang.org/x/mod v0.6.0-dev.0.20220419223038-86c51ed26bb4/go.mod h1:jJ57K6gSWd91VN4djpZkiMVwK6gcyfeH4XE8wZrZaV4=
golang.org/x/net v0.0.0-20180724234803-3673e40ba225/go.mod h1:mL1N/T3taQHkDXs73rZJwtUhF3w3ftmwwsq0BUmARs4=
golang.org/x/net v0.0.0-20190603091049-60506f45cf65/go.mod h1:HSz+uSET+XFnRR8LxR5pz3Of3rY3CfYBVs4xY44aLks=
golang.org/x/net v0.0.0-20190620200207-3b0461eec859/go.mod h1:z5CRVTTTmAJ677TzLLGU+0bjPO0LkuOLi4/5GtJWs/s=
golang.org/x/net v0.0.0-20210226172049-e18ecbb05110/go.mod h1:m0MpNAwzfU5UDzcl9v0D8zg8gWTRqZa9RBIspLL5mdg=
golang.org/x/net v0.0.0-20210916014120-12bc252f5db8/go.mod h1:9nx3DQGgdP8bBQD5qxJ1jj9UTztislL4KSBs9R2vV5Y=
golang.org/x/net v0.0.0-20220722155237-a158d28d115b/go.mod h1:XRhObCWvk6IyKnWLug+ECip1KBveYUHfp+8e9klMJ9c=
golang.org/x/net v0.7.0 h1:rJrUqqhjsgNp7KqAIc25s9pZnjU7TUcSY7HcVZjdn1g=
golang.org/x/net v0.7.0/go.mod h1:2Tu9+aMcznHK/AK1HMvgo6xiTLG5rD5rZLDS+rp2Bjs=
golang.org/x/oauth2 v0.5.0 h1:HuArIo48skDwlrvM3sEdHXElYslAMsf3KwRkkW4MC4s=
golang.org/x/oauth2 v0.5.0/go.mod h1:9/XBHVqLaWO3/BRHs5jbpYCnOZVjj5V0ndyaAM7KB4I=
golang.org/x/sync v0.0.0-20190423024810-112230192c58/go.mod h1:RxMgew5VJxzue5/jJTE5uejpjVlOe/izrB70Jof72aM=
golang.org/x/sync v0.0.0-20220722155255-886fb9371eb4/go.mod h1:RxMgew5VJxzue5/jJTE5uejpjVlOe/izrB70Jof72aM=
golang.org/x/sys v0.0.0-20190215142949-d0b11bdaac8a/go.mod h1:STP8DvDyc/dI5b8T5hshtkjS+E42TnysNCUPdjciGhY=
golang.org/x/sys v0.0.0-20201119102817-f84b799fce68/go.mod h1:h1NjWce9XRLGQEsW7wpKNCjG9DtNlClVuFLEZdDNbEs=
golang.org/x/sys v0.0.0-20210423082822-04245dca01da/go.mod h1:h1NjWce9XRLGQEsW7wpKNCjG9DtNlClVuFLEZdDNbEs=
golang.org/x/sys v0.0.0-20210615035016-665e8c7367d1/go.mod h1:oPkhp1MJrh7nUepCBck5+mAzfO9JrbApNNgaTdGDITg=
golang.org/x/sys v0.0.0-20220520151302-bc2c85ada10a/go.mod h1:oPkhp1MJrh7nUepCBck5+mAzfO9JrbApNNgaTdGDITg=
golang.org/x/sys v0.0.0-20220722155257-8c9f86f7a55f/go.mod h1:oPkhp1MJrh7nUepCBck5+mAzfO9JrbApNNgaTdGDITg=
golang.org/x/sys v0.5.0 h1:MUK/U/4lj1t1oPg0HfuXDN/Z1wv31ZJ/YcPiGccS4DU=
golang.org/x/sys v0.5.0/go.mod h1:oPkhp1MJrh7nUepCBck5+mAzfO9JrbApNNgaTdGDITg=
golang.org/x/term v0.0.0-20201126162022-7de9c90e9dd1/go.mod h1:bj7SfCRtBDWHUb9snDiAeCFNEtKQo2Wmx5Cou7ajbmo=
golang.org/x/term v0.0.0-20210927222741-03fcf44c2211/go.mod h1:jbD1KX2456YbFQfuXm/mYQcufACuNUgVhRMnK/tPxf8=
golang.org/x/term v0.5.0 h1:n2a8QNdAb0sZNpU9R1ALUXBbY+w51fCQDN+7EdxNBsY=
golang.org/x/term v0.5.0/go.mod h1:jMB1sMXY+tzblOD4FWmEbocvup2/aLOaQEp7JmGp78k=
golang.org/x/text v0.3.0/go.mod h1:NqM8EUOU14njkJ3fqMW+pc6Ldnwhi/IjpwHt7yyuwOQ=
golang.org/x/text v0.3.2/go.mod h1:bEr9sfX3Q8Zfm5fL9x+3itogRgK3+ptLWKqgva+5dAk=
golang.org/x/text v0.3.3/go.mod h1:5Zoc/QRtKVWzQhOtBMvqHzDpF6irO9z98xDceosuGiQ=
golang.org/x/text v0.3.6/go.mod h1:5Zoc/QRtKVWzQhOtBMvqHzDpF6irO9z98xDceosuGiQ=
golang.org/x/text v0.3.7/go.mod h1:u+2+/6zg+i71rQMx5EYifcz6MCKuco9NR6JIITiCfzQ=
golang.org/x/text v0.7.0 h1:4BRB4x83lYWy72KwLD/qYDuTu7q9PjSagHvijDw7cLo=
golang.org/x/text v0.7.0/go.mod h1:mrYo+phRRbMaCq/xk9113O4dZlRixOauAjOtrjsXDZ8=
golang.org/x/tools v0.0.0-20180917221912-90fa682c2a6e/go.mod h1:n7NCudcB/nEzxVGmLbDWY5pfWTLqBcC2KZ6jyYvM4mQ=
golang.org/x/tools v0.0.0-20191119224855-298f0cb1881e/go.mod h1:b+2E5dAYhXwXZwtnZ6UAqBI28+e2cm9otk0dWdXHAEo=
golang.org/x/tools v0.1.12/go.mod h1:hNGJHUnrk76NpqgfD5Aqm5Crs+Hm0VOH/i9J2+nxYbc=
golang.org/x/xerrors v0.0.0-20190717185122-a985d3407aa7/go.mod h1:I/5z698sn9Ka8TeJc9MKroUUfqBBauWjQqLJ2OPfmY0=
golang.org/x/xerrors v0.0.0-20191204190536-9bdfabe68543/go.mod h1:I/5z698sn9Ka8TeJc9MKroUUfqBBauWjQqLJ2OPfmY0=
google.golang.org/appengine v1.4.0/go.mod h1:xpcJRLb0r/rnEns0DIKYYv+WjYCduHsrkT7/EB5XEv4=
google.golang.org/appengine v1.6.7 h1:FZR1q0exgwxzPzp/aF+VccGrSfxfPpkBqjIIEq3ru6c=
google.golang.org/appengine v1.6.7/go.mod h1:8WjMMxjGQR8xUklV/ARdw2HLXBOI7O7uCIDZVag1xfc=
google.golang.org/protobuf v1.26.0-rc.1/go.mod h1:jlhhOSvTdKEhbULTjvd4ARK9grFBp09yW+WbY/TyQbw=
google.golang.org/protobuf v1.26.0/go.mod h1:9q0QmTI4eRPtz6boOQmLYwt+qCgq0jsYwAQnmE0givc=
google.golang.org/protobuf v1.28.1 h1:d0NfwRgPtno5B1Wa6L2DAG+KivqkdutMf1UhdNx175w=
google.golang.org/protobuf v1.28.1/go.mod h1:HV8QOd/L58Z+nl8r43ehVNZIU/HEI6OcFqwMG9pJV4I=
gopkg.in/alexcesaro/statsd.v2 v2.0.0 h1:FXkZSCZIH17vLCO5sO2UucTHsH9pc+17F6pl3JVCwMc=
gopkg.in/alexcesaro/statsd.v2 v2.0.0/go.mod h1:i0ubccKGzBVNBpdGV5MocxyA/XlLUJzA7SLonnE4drU=
gopkg.in/check.v1 v0.0.0-20161208181325-20d25e280405 h1:yhCVgyC4o1eVCa2tZl7eS0r+SDo693bJlVdllGtEeKM=
gopkg.in/check.v1 v0.0.0-20161208181325-20d25e280405/go.mod h1:Co6ibVJAznAaIkqp8huTwlJQCZ016jof/cbN4VW5Yz0=
gopkg.in/go-playground/validator.v8 v8.18.2/go.mod h1:RX2a/7Ha8BgOhfk7j780h4/u/RRjR0eouCJSH80/M2Y=
gopkg.in/vmihailenco/msgpack.v2 v2.9.2 h1:gjPqo9orRVlSAH/065qw3MsFCDpH7fa1KpiizXyllY4=
gopkg.in/vmihailenco/msgpack.v2 v2.9.2/go.mod h1:/3Dn1Npt9+MYyLpYYXjInO/5jvMLamn+AEGwNEOatn8=
gopkg.in/yaml.v2 v2.2.2/go.mod h1:hI93XBmqTisBFMUTm0b8Fm+jr3Dg1NNxqwp+5A1VGuI=
gopkg.in/yaml.v3 v3.0.1 h1:fxVm/GzAzEWqLHuvctI91KS9hhNmmWOoWu0XTYJS7CA=
gopkg.in/yaml.v3 v3.0.1/go.mod h1:K4uyk7z7BCEPqu6E+C64Yfv1cQ7kz7rIZviUmN+EgEM=
