# This file is autogenerated, do not edit; changes may be undone by the next 'dep ensure'.


[[projects]]
  branch = "master"
  digest = "1:d60a6983f605420d17520ad3e206319a252989044f4ac580799575c850d4eb41"
  name = "github.com/NaySoftware/go-fcm"
  packages = ["."]
  pruneopts = "UT"
  revision = "28fff9381d17f35619309c7a5ada41d26030d976"

[[projects]]
  digest = "1:573fa46f8d413d4bc3f7cc5e86b2c43cb21559f4fb0a19d9874d228e28fdc07c"
  name = "github.com/PuerkitoBio/goquery"
  packages = ["."]
  pruneopts = "UT"
  revision = "2d2796f41742ece03e8086188fa4db16a3a0b458"
  version = "v1.5.0"

[[projects]]
  branch = "master"
  digest = "1:98141de7f3adeeef642739dd7798a3b3a3aaa2b49089239a4c0b3d9212d84098"
  name = "github.com/SaidinWoT/timespan"
  packages = ["."]
  pruneopts = "UT"
  revision = "a3d8e474112431364943b9a9cd7e5fcf9ba88fd2"

[[projects]]
  digest = "1:66b3310cf22cdc96c35ef84ede4f7b9b370971c4025f394c89a2638729653b11"
  name = "github.com/andybalholm/cascadia"
  packages = ["."]
  pruneopts = "UT"
  revision = "901648c87902174f774fac311d7f176f8647bdaa"
  version = "v1.0.0"

[[projects]]
  branch = "develop"
  digest = "1:c0cc1b669868f41a6ff46eb8272c15e88c0e71da3241b7ea721d87c24e56461a"
  name = "github.com/bwmarrin/discordgo"
  packages = ["."]
  pruneopts = "UT"
  revision = "4abf4d7de66a762edc6baa292a0ddc3f0c7d2fb7"

[[projects]]
  branch = "master"
  digest = "1:fdae1c338ec6667687fb3fdbde842b3c421c930163981b5d441502b240b7f50b"
  name = "github.com/dchest/uniuri"
  packages = ["."]
  pruneopts = "UT"
  revision = "8902c56451e9b58ff940bbe5fec35d5f9c04584a"

[[projects]]
  branch = "master"
  digest = "1:3333d15af0d43384b5281aeb7791fcf067a761b5534d5e89cb7988236de668d8"
  name = "github.com/gbl08ma/anko"
  packages = [
    "ast",
    "core",
    "internal/corelib",
    "packages",
    "parser",
    "vm",
  ]
  pruneopts = "UT"
  revision = "029647b78f65248c4c824aaf06952308ab698d83"

[[projects]]
  branch = "master"
  digest = "1:9bda8230ffceecb910955a5d71a3cc7f6f9e1548d0953869caacad261c1b37f7"
  name = "github.com/gbl08ma/gmqtt"
  packages = [
    ".",
    "logger",
    "pkg/packets",
  ]
  pruneopts = "UT"
  revision = "dfa80c738f24309d596a82c2e11d1f0844029c0e"

[[projects]]
  branch = "master"
  digest = "1:721876cf5cb0205ce0c464927a7e6ee051beb0127f104ba4a96745df7afa040a"
  name = "github.com/gbl08ma/keybox"
  packages = ["."]
  pruneopts = "UT"
  revision = "285a9d753c877e10619a4f4acecbc8325a72326d"

[[projects]]
  branch = "master"
  digest = "1:fbc039349b30ac3ca5d55988cc0bf80397d696a297d9fbe163ba461f01d2731b"
  name = "github.com/gbl08ma/monkey"
  packages = ["."]
  pruneopts = "UT"
  revision = "f5bc767339daa2a534a0f40ed8577f834b74d2ad"

[[projects]]
  branch = "master"
  digest = "1:4db0b79a86a88d98e03630cf7577f049966ada5731a41a77ae72f09e9151bc2b"
  name = "github.com/gbl08ma/sqalx"
  packages = ["."]
  pruneopts = "UT"
  revision = "93a3673e08e726f49f8533a688056f090c889061"

[[projects]]
  branch = "v1"
  digest = "1:b1b6e0dc9460eba8860bc2e6c01154c985e086d7d50b211d6ef81140d9f85497"
  name = "github.com/gbl08ma/squirrel"
  packages = ["."]
  pruneopts = "UT"
  revision = "848bdbd838585e538bcd66c0d9b1860ffd2f8d37"

[[projects]]
  branch = "master"
  digest = "1:feda7ef5a1bc80d8333b16675821ad93b7c2816ddd82a89c67360917fbe2499e"
  name = "github.com/gbl08ma/ssoclient"
  packages = ["."]
  pruneopts = "UT"
  revision = "11586264f66cb147d866cf40c4e9c2b640983dd3"

[[projects]]
  digest = "1:aacef5f5e45685f2aeda5534d0a750dee6859de7e9088cdd06192787bb01ae6d"
  name = "github.com/go-errors/errors"
  packages = ["."]
  pruneopts = "UT"
  revision = "a6af135bd4e28680facf08a3d206b454abc877a4"
  version = "v1.0.1"

[[projects]]
  digest = "1:97df918963298c287643883209a2c3f642e6593379f97ab400c2a2e219ab647d"
  name = "github.com/golang/protobuf"
  packages = ["proto"]
  pruneopts = "UT"
  revision = "aa810b61a9c79d51363740d207bb46cf8e620ed5"
  version = "v1.2.0"

[[projects]]
  digest = "1:c79fb010be38a59d657c48c6ba1d003a8aa651fa56b579d959d74573b7dff8e1"
  name = "github.com/gorilla/context"
  packages = ["."]
  pruneopts = "UT"
  revision = "08b5f424b9271eedf6f9f0ce86cb9396ed337a42"
  version = "v1.1.1"

[[projects]]
  digest = "1:c6c7d7d1c2a4f9845f37c6f17f83fe1adcb41bebc891b94cd1ef95be1ce6b5e7"
  name = "github.com/gorilla/csrf"
  packages = ["."]
  pruneopts = "UT"
  revision = "05b4a732b984ec326cac085631060968d4706b17"
  version = "v1.5.1"

[[projects]]
  digest = "1:2b418e5e28a68ccab236a22f344140cebab2d90c3a4a3f5593ecbb82cfe0e5ce"
  name = "github.com/gorilla/feeds"
  packages = ["."]
  pruneopts = "UT"
  revision = "6edcbcd2d57fd0bbd7f39947a593ed0c06648388"
  version = "v1.1.0"

[[projects]]
  digest = "1:e73f5b0152105f18bc131fba127d9949305c8693f8a762588a82a48f61756f5f"
  name = "github.com/gorilla/mux"
  packages = ["."]
  pruneopts = "UT"
  revision = "e3702bed27f0d39777b0b37b664b6280e8ef8fbf"
  version = "v1.6.2"

[[projects]]
  digest = "1:e72d1ebb8d395cf9f346fd9cbc652e5ae222dd85e0ac842dc57f175abed6d195"
  name = "github.com/gorilla/securecookie"
  packages = ["."]
  pruneopts = "UT"
  revision = "e59506cc896acb7f7bf732d4fdf5e25f7ccd8983"
  version = "v1.1.1"

[[projects]]
  digest = "1:e5bf52fd66a2e984b57b4c0f2c4ee024ed749a19886246240629998dc0cf31ce"
  name = "github.com/gorilla/sessions"
  packages = ["."]
  pruneopts = "UT"
  revision = "f57b7e2d29c6211d16ffa52a0998272f75799030"
  version = "v1.1.3"

[[projects]]
  digest = "1:7b5c6e2eeaa9ae5907c391a91c132abfd5c9e8a784a341b5625e750c67e6825d"
  name = "github.com/gorilla/websocket"
  packages = ["."]
  pruneopts = "UT"
  revision = "66b9c49e59c6c48f0ffce28c2d8b8a5678502c6d"
  version = "v1.4.0"

[[projects]]
  branch = "quote-testing"
  digest = "1:fc32fa289a8c3ccb48d4eb746ba9865beadb6a21e29b6950e6dc8b9f2aa5f76a"
  name = "github.com/govau/go-shellquote"
  packages = ["."]
  pruneopts = "UT"
  revision = "73e52bf8b7b93cc3df971043d546702ae8d85955"

[[projects]]
  branch = "master"
  digest = "1:09970bb8daf100bdf11b48b72c71ef980cd2b50efbd903989b3d182956be0b83"
  name = "github.com/hako/durafmt"
  packages = ["."]
  pruneopts = "UT"
  revision = "7b7ae1e72eade09dbc9c2cfba3e6c4bae7b8bcac"

[[projects]]
  digest = "1:575e4fc09d29b3691ce42e7b45a35ae436b1fb3879972429653162dd7abc7c14"
  name = "github.com/heetch/sqalx"
  packages = ["."]
  pruneopts = "UT"
  revision = "21a5f5177df08213293479917ed43f5f4cde16b1"
  version = "v0.3.0"

[[projects]]
  branch = "master"
  digest = "1:0d664b36e26d8040466f70d584dfe89fb463532609a79bf0eae24cec5b79ed5b"
  name = "github.com/iohub/Ahocorasick"
  packages = ["."]
  pruneopts = "UT"
  revision = "9c34010b2b7e75be8b84cfbdd65b16c3de863f35"

[[projects]]
  digest = "1:0d7b20e0c7da983f61e7a45fc4c5a722528bb06b07ec1208d5b28b40e3670fff"
  name = "github.com/jackc/pgx"
  packages = [
    "pgio",
    "pgtype",
  ]
  pruneopts = "UT"
  revision = "c59c9cac59ab95eceb0c12ff338923c62f411ea2"
  version = "v3.3.0"

[[projects]]
  branch = "master"
  digest = "1:b19a8bf93379e5c6c9a2b532cd52b35c7ffa79559ba929df44df2a31d7e2c13e"
  name = "github.com/jmoiron/sqlx"
  packages = [
    ".",
    "reflectx",
  ]
  pruneopts = "UT"
  revision = "1d3423c595d749e4613fce663591b44ae539d377"

[[projects]]
  branch = "master"
  digest = "1:a7fc52742a5d011497b6a24024c857d260f809083424cd84110c9e40c34f64fc"
  name = "github.com/lann/builder"
  packages = ["."]
  pruneopts = "UT"
  revision = "47ae307949d02aa1f1069fdafc00ca08e1dbabac"

[[projects]]
  branch = "master"
  digest = "1:225499d25a9f1486f3b77cdc4f7d6590c506c3839bb9d8497113f6d19676d54a"
  name = "github.com/lann/ps"
  packages = ["."]
  pruneopts = "UT"
  revision = "62de8c46ede02a7675c4c79c84883eb164cb71e3"

[[projects]]
  branch = "master"
  digest = "1:7cefc4f7f6a411c2598d3344563e4d23fd4e4d88fd1591831fe39cccff41ad28"
  name = "github.com/lib/pq"
  packages = [
    ".",
    "oid",
  ]
  pruneopts = "UT"
  revision = "9eb73efc1fcc404148b56765b0d3f61d9a5ef8ee"

[[projects]]
  branch = "master"
  digest = "1:57707d336b5ffb5ba3debf79c59aa18b53c09727222537a08611126c38dae4f1"
  name = "github.com/medicalwei/recaptcha"
  packages = ["."]
  pruneopts = "UT"
  revision = "1a62da3baba8b3a1f745a10a722a917089f3a313"

[[projects]]
  digest = "1:b0142f883994390cee3fc0efbee8644c91796eb17d6af1bf8268a0961e6c0f3b"
  name = "github.com/mmcdole/gofeed"
  packages = [
    ".",
    "atom",
    "extensions",
    "internal/shared",
    "rss",
  ]
  pruneopts = "UT"
  revision = "42010a154d249f5f753dfe03a6390b59671e403e"
  version = "v1.0.0-beta2"

[[projects]]
  branch = "master"
  digest = "1:fb880b85ddcd119242ca65175135771539226ab4f004ddf76b6b1220da231ea2"
  name = "github.com/mmcdole/goxpp"
  packages = ["."]
  pruneopts = "UT"
  revision = "0068e33feabfc0086c7aeb58a9603f91c061c89f"

[[projects]]
  digest = "1:808cdddf087fb64baeae67b8dfaee2069034d9704923a3cb8bd96a995421a625"
  name = "github.com/patrickmn/go-cache"
  packages = ["."]
  pruneopts = "UT"
  revision = "a3647f8e31d79543b2d0f0ae2fe5c379d72cedc0"
  version = "v2.1.0"

[[projects]]
  digest = "1:cf31692c14422fa27c83a05292eb5cbe0fb2775972e8f1f8446a71549bd8980b"
  name = "github.com/pkg/errors"
  packages = ["."]
  pruneopts = "UT"
  revision = "ba968bfe8b2f7e042a574c888954fccecfa385b4"
  version = "v0.8.1"

[[projects]]
  branch = "master"
  digest = "1:436a91bb50b17111de7bcb969d331674f1f577c4d639ed637b2e6029cf1286cf"
  name = "github.com/pkg/math"
  packages = ["."]
  pruneopts = "UT"
  revision = "f2ed9e40e245cdeec72c4b642d27ed4553f90667"

[[projects]]
  digest = "1:4ce9a4e0695ac2ca0d505dce3cb756241059728dc3beb4138c3592c91db4788b"
  name = "github.com/rickb777/date"
  packages = [
    ".",
    "gregorian",
    "period",
  ]
  pruneopts = "UT"
  revision = "75ffca56eb37e0f55737ff4509e0fea543d239da"
  version = "v1.8.1"

[[projects]]
  digest = "1:33ec3e32094a9556220d7fb8dd305b872dca372fac6333ee46d75009a7e28fb8"
  name = "github.com/rickb777/plural"
  packages = ["."]
  pruneopts = "UT"
  revision = "7589705ae1b0a218b5389c04b1505e0c8defbc1f"
  version = "v1.2.0"

[[projects]]
  branch = "master"
  digest = "1:a3b8912deeef29007fab9a13a9f21b9e9b59c621a2ed61e2fe7b37320a71fbd5"
  name = "github.com/satori/go.uuid"
  packages = ["."]
  pruneopts = "UT"
  revision = "b2ce2384e17bbe0c6d34077efa39dbab3e09123b"

[[projects]]
  digest = "1:d1816f8f4877e87cf0a80a25fbc0e7c7a6937bd728ccbf85e2c151c792445a1b"
  name = "github.com/thoas/go-funk"
  packages = ["."]
  pruneopts = "UT"
  revision = "9132db0aefe2a09565f5124e267ac9a89845d8f6"
  version = "0.4"

[[projects]]
  digest = "1:01d5dc3bfb14cf8fb2c924dcf026231218604b8ed15daaa028875d49e7f09071"
  name = "github.com/vmihailenco/msgpack"
  packages = [
    ".",
    "codes",
  ]
  pruneopts = "UT"
  revision = "c2fc210f30a2aca9db880cc017a92c169c999253"
  version = "v4.0.4"

[[projects]]
  digest = "1:aa00e56c0d595e7b066fbb163cf852dd19b1389c7c8d675887851ee4a6493986"
  name = "github.com/yarf-framework/yarf"
  packages = ["."]
  pruneopts = "UT"
  revision = "c6cf7759367eba2f1ae988dec3546985c72e38b4"
  version = "v0.8.5"

[[projects]]
  branch = "master"
  digest = "1:d703393c6b9867040e73066fc6ed70e782b599aff426cdbb336317dfe792065e"
  name = "go.tianon.xyz/progress"
  packages = ["."]
  pruneopts = "UT"
  revision = "ace047765ac3545f82e16f38e57d244382ab8f83"

[[projects]]
  branch = "master"
  digest = "1:b5faf324ee3a8885553e65ec74bef0f5ae9cc73b950810c3436e940d92b0fc15"
  name = "golang.org/x/crypto"
  packages = [
    "blowfish",
    "internal/subtle",
    "nacl/secretbox",
    "poly1305",
    "salsa20/salsa",
    "ssh/terminal",
  ]
  pruneopts = "UT"
  revision = "ff983b9c42bc9fbf91556e191cc8efb585c16908"

[[projects]]
  branch = "master"
  digest = "1:302d2c4338fa5b4bfd2d495aef2622961d38e8be7d599446b3cfeb03c07d0c9c"
  name = "golang.org/x/net"
  packages = [
    "context",
    "context/ctxhttp",
    "html",
    "html/atom",
    "html/charset",
  ]
  pruneopts = "UT"
  revision = "1e06a53dbb7e2ed46e91183f219db23c6943c532"

[[projects]]
  branch = "master"
  digest = "1:5276e08fe6a1dfdb65b4f46a2e5d5c9e00be6e499105e441049c3c04a0c83b36"
  name = "golang.org/x/oauth2"
  packages = [
    ".",
    "internal",
  ]
  pruneopts = "UT"
  revision = "d668ce993890a79bda886613ee587a69dd5da7a6"

[[projects]]
  branch = "master"
  digest = "1:5ee4df7ab18e945607ac822de8d10b180baea263b5e8676a1041727543b9c1e4"
  name = "golang.org/x/sys"
  packages = [
    "unix",
    "windows",
  ]
  pruneopts = "UT"
  revision = "48ac38b7c8cbedd50b1613c0fccacfc7d88dfcdf"

[[projects]]
  digest = "1:4392fcf42d5cf0e3ff78c96b2acf8223d49e4fdc53eb77c99d2f8dfe4680e006"
  name = "golang.org/x/text"
  packages = [
    "encoding",
    "encoding/charmap",
    "encoding/htmlindex",
    "encoding/internal",
    "encoding/internal/identifier",
    "encoding/japanese",
    "encoding/korean",
    "encoding/simplifiedchinese",
    "encoding/traditionalchinese",
    "encoding/unicode",
    "internal/gen",
    "internal/tag",
    "internal/triegen",
    "internal/ucd",
    "internal/utf8internal",
    "language",
    "runes",
    "transform",
    "unicode/cldr",
    "unicode/norm",
  ]
  pruneopts = "UT"
  revision = "f21a4dfb5e38f5895301dc265a8def02365cc3d0"
  version = "v0.3.0"

[[projects]]
  digest = "1:bdfceba6be2f23ad710a04a0ed5e42ea212f091f044d1413412048745efea1a3"
  name = "google.golang.org/appengine"
  packages = [
    ".",
    "datastore",
    "internal",
    "internal/app_identity",
    "internal/base",
    "internal/datastore",
    "internal/log",
    "internal/modules",
    "internal/remote_api",
    "internal/urlfetch",
    "urlfetch",
  ]
  pruneopts = "UT"
  revision = "e9657d882bb81064595ca3b56cbe2546bbabf7b1"
  version = "v1.4.0"

[[projects]]
  digest = "1:38b469493eb173db9c03321d64adcad4c7991ea0a19b5edc5bdc094f0e8c7384"
  name = "gopkg.in/alexcesaro/statsd.v2"
  packages = ["."]
  pruneopts = "UT"
  revision = "7fea3f0d2fab1ad973e641e51dba45443a311a90"
  version = "v2.0.0"

[[projects]]
  digest = "1:a7438a3f7f92a25e8fb1d67de9ff4fc3355b86249999bf131092b76823db13e6"
  name = "gopkg.in/vmihailenco/msgpack.v2"
  packages = [
    ".",
    "codes",
  ]
  pruneopts = "UT"
  revision = "f4f8982de4ef0de18be76456617cc3f5d8d8141e"
  version = "v2.9.1"

[solve-meta]
  analyzer-name = "dep"
  analyzer-version = 1
  input-imports = [
    "github.com/NaySoftware/go-fcm",
    "github.com/PuerkitoBio/goquery",
    "github.com/SaidinWoT/timespan",
    "github.com/bwmarrin/discordgo",
    "github.com/dchest/uniuri",
    "github.com/gbl08ma/anko/core",
    "github.com/gbl08ma/anko/packages",
    "github.com/gbl08ma/anko/vm",
    "github.com/gbl08ma/gmqtt",
    "github.com/gbl08ma/gmqtt/pkg/packets",
    "github.com/gbl08ma/keybox",
    "github.com/gbl08ma/monkey",
    "github.com/gbl08ma/sqalx",
    "github.com/gbl08ma/squirrel",
    "github.com/gbl08ma/ssoclient",
    "github.com/gorilla/csrf",
    "github.com/gorilla/feeds",
    "github.com/gorilla/mux",
    "github.com/gorilla/sessions",
    "github.com/govau/go-shellquote",
    "github.com/hako/durafmt",
    "github.com/iohub/Ahocorasick",
    "github.com/jackc/pgx/pgtype",
    "github.com/jmoiron/sqlx",
    "github.com/lib/pq",
    "github.com/medicalwei/recaptcha",
    "github.com/mmcdole/gofeed",
    "github.com/patrickmn/go-cache",
    "github.com/pkg/math",
    "github.com/rickb777/date",
    "github.com/satori/go.uuid",
    "github.com/thoas/go-funk",
    "github.com/vmihailenco/msgpack",
    "github.com/yarf-framework/yarf",
    "go.tianon.xyz/progress",
    "golang.org/x/oauth2",
    "golang.org/x/text/runes",
    "golang.org/x/text/transform",
    "golang.org/x/text/unicode/norm",
    "gopkg.in/alexcesaro/statsd.v2",
    "gopkg.in/vmihailenco/msgpack.v2",
  ]
  solver-name = "gps-cdcl"
  solver-version = 1
