# This file is autogenerated, do not edit; changes may be undone by the next 'dep ensure'.


[[projects]]
  branch = "master"
  name = "github.com/NaySoftware/go-fcm"
  packages = ["."]
  revision = "28fff9381d17f35619309c7a5ada41d26030d976"

[[projects]]
  name = "github.com/PuerkitoBio/goquery"
  packages = ["."]
  revision = "a86ea073017a6beddef78c8659e7224e8ca634b0"
  version = "v1.4.0"

[[projects]]
  branch = "master"
  name = "github.com/SaidinWoT/timespan"
  packages = ["."]
  revision = "a3d8e474112431364943b9a9cd7e5fcf9ba88fd2"

[[projects]]
  name = "github.com/andybalholm/cascadia"
  packages = ["."]
  revision = "901648c87902174f774fac311d7f176f8647bdaa"
  version = "v1.0.0"

[[projects]]
  branch = "develop"
  name = "github.com/bwmarrin/discordgo"
  packages = ["."]
  revision = "67729f3d95e80c3c60f97bd083d76f8244696f4d"

[[projects]]
  branch = "master"
  name = "github.com/dchest/uniuri"
  packages = ["."]
  revision = "8902c56451e9b58ff940bbe5fec35d5f9c04584a"

[[projects]]
  branch = "master"
  name = "github.com/gbl08ma/keybox"
  packages = ["."]
  revision = "285a9d753c877e10619a4f4acecbc8325a72326d"

[[projects]]
  branch = "master"
  name = "github.com/gbl08ma/sqalx"
  packages = ["."]
  revision = "64352042484f1b28f2d26e1fa2e13476482a6a32"

[[projects]]
  branch = "v1"
  name = "github.com/gbl08ma/squirrel"
  packages = ["."]
  revision = "c8af402acfb8dae2a5d039cb03a556d3497f8c68"

[[projects]]
  branch = "master"
  name = "github.com/gbl08ma/ssoclient"
  packages = ["."]
  revision = "11586264f66cb147d866cf40c4e9c2b640983dd3"

[[projects]]
  name = "github.com/go-errors/errors"
  packages = ["."]
  revision = "a6af135bd4e28680facf08a3d206b454abc877a4"
  version = "v1.0.1"

[[projects]]
  name = "github.com/golang/protobuf"
  packages = ["proto"]
  revision = "b4deda0973fb4c70b50d226b1af49f3da59f5265"
  version = "v1.1.0"

[[projects]]
  name = "github.com/gorilla/context"
  packages = ["."]
  revision = "08b5f424b9271eedf6f9f0ce86cb9396ed337a42"
  version = "v1.1.1"

[[projects]]
  name = "github.com/gorilla/csrf"
  packages = ["."]
  revision = "05b4a732b984ec326cac085631060968d4706b17"
  version = "v1.5.1"

[[projects]]
  name = "github.com/gorilla/feeds"
  packages = ["."]
  revision = "6edcbcd2d57fd0bbd7f39947a593ed0c06648388"
  version = "v1.1.0"

[[projects]]
  name = "github.com/gorilla/mux"
  packages = ["."]
  revision = "e3702bed27f0d39777b0b37b664b6280e8ef8fbf"
  version = "v1.6.2"

[[projects]]
  name = "github.com/gorilla/securecookie"
  packages = ["."]
  revision = "e59506cc896acb7f7bf732d4fdf5e25f7ccd8983"
  version = "v1.1.1"

[[projects]]
  name = "github.com/gorilla/sessions"
  packages = ["."]
  revision = "ca9ada44574153444b00d3fd9c8559e4cc95f896"
  version = "v1.1"

[[projects]]
  name = "github.com/gorilla/websocket"
  packages = ["."]
  revision = "ea4d1f681babbce9545c9c5f3d5194a789c89f5b"
  version = "v1.2.0"

[[projects]]
  branch = "quote-testing"
  name = "github.com/govau/go-shellquote"
  packages = ["."]
  revision = "73e52bf8b7b93cc3df971043d546702ae8d85955"

[[projects]]
  branch = "master"
  name = "github.com/hako/durafmt"
  packages = ["."]
  revision = "7b7ae1e72eade09dbc9c2cfba3e6c4bae7b8bcac"

[[projects]]
  name = "github.com/heetch/sqalx"
  packages = ["."]
  revision = "e40536072f95235446bdd63325902f82373774cc"
  version = "v0.2.0"

[[projects]]
  branch = "master"
  name = "github.com/iohub/Ahocorasick"
  packages = ["."]
  revision = "9c34010b2b7e75be8b84cfbdd65b16c3de863f35"

[[projects]]
  name = "github.com/jackc/pgx"
  packages = [
    "pgio",
    "pgtype"
  ]
  revision = "da3231b0b66e2e74cdb779f1d46c5e958ba8be27"
  version = "v3.1.0"

[[projects]]
  branch = "master"
  name = "github.com/jmoiron/sqlx"
  packages = [
    ".",
    "reflectx"
  ]
  revision = "2aeb6a910c2b94f2d5eb53d9895d80e27264ec41"

[[projects]]
  branch = "master"
  name = "github.com/lann/builder"
  packages = ["."]
  revision = "1b87b36280d04fe7882d1512bf038ea2967ad534"

[[projects]]
  branch = "master"
  name = "github.com/lann/ps"
  packages = ["."]
  revision = "62de8c46ede02a7675c4c79c84883eb164cb71e3"

[[projects]]
  branch = "master"
  name = "github.com/lib/pq"
  packages = [
    ".",
    "oid"
  ]
  revision = "90697d60dd844d5ef6ff15135d0203f65d2f53b8"

[[projects]]
  branch = "master"
  name = "github.com/medicalwei/recaptcha"
  packages = ["."]
  revision = "1a62da3baba8b3a1f745a10a722a917089f3a313"

[[projects]]
  name = "github.com/mmcdole/gofeed"
  packages = [
    ".",
    "atom",
    "extensions",
    "internal/shared",
    "rss"
  ]
  revision = "42010a154d249f5f753dfe03a6390b59671e403e"
  version = "v1.0.0-beta2"

[[projects]]
  branch = "master"
  name = "github.com/mmcdole/goxpp"
  packages = ["."]
  revision = "77e4a51a73ed99ee3f33c1474dc166866304acbd"

[[projects]]
  name = "github.com/patrickmn/go-cache"
  packages = ["."]
  revision = "a3647f8e31d79543b2d0f0ae2fe5c379d72cedc0"
  version = "v2.1.0"

[[projects]]
  name = "github.com/pkg/errors"
  packages = ["."]
  revision = "645ef00459ed84a119197bfb8d8205042c6df63d"
  version = "v0.8.0"

[[projects]]
  branch = "master"
  name = "github.com/pkg/math"
  packages = ["."]
  revision = "f2ed9e40e245cdeec72c4b642d27ed4553f90667"

[[projects]]
  name = "github.com/rickb777/date"
  packages = [
    ".",
    "period"
  ]
  revision = "bcf2cbc42c2e6ccb6b1569dae6896637afbab1ba"
  version = "v1.2.0"

[[projects]]
  name = "github.com/rickb777/plural"
  packages = ["."]
  revision = "12f4c05d9b7dcd76dbaa7c0fc635706dc20cab8a"
  version = "v1.1.0"

[[projects]]
  branch = "master"
  name = "github.com/satori/go.uuid"
  packages = ["."]
  revision = "36e9d2ebbde5e3f13ab2e25625fd453271d6522e"

[[projects]]
  name = "github.com/thoas/go-funk"
  packages = ["."]
  revision = "14304e8530de7dbb909c8305591b3a8370dd9dbb"
  version = "0.2"

[[projects]]
  name = "github.com/yarf-framework/yarf"
  packages = ["."]
  revision = "c6cf7759367eba2f1ae988dec3546985c72e38b4"
  version = "v0.8.5"

[[projects]]
  branch = "master"
  name = "golang.org/x/crypto"
  packages = [
    "blowfish",
    "nacl/secretbox",
    "poly1305",
    "salsa20/salsa"
  ]
  revision = "5ba7f63082460102a45837dbd1827e10f9479ac0"

[[projects]]
  branch = "master"
  name = "golang.org/x/net"
  packages = [
    "context",
    "context/ctxhttp",
    "html",
    "html/atom",
    "html/charset"
  ]
  revision = "1e491301e022f8f977054da4c2d852decd59571f"

[[projects]]
  branch = "master"
  name = "golang.org/x/oauth2"
  packages = [
    ".",
    "internal"
  ]
  revision = "d2e6202438beef2727060aa7cabdd924d92ebfd9"

[[projects]]
  name = "golang.org/x/text"
  packages = [
    "encoding",
    "encoding/charmap",
    "encoding/htmlindex",
    "encoding/internal",
    "encoding/internal/identifier",
    "encoding/japanese",
    "encoding/korean",
    "encoding/simplifiedchinese",
    "encoding/traditionalchinese",
    "encoding/unicode",
    "internal/gen",
    "internal/tag",
    "internal/triegen",
    "internal/ucd",
    "internal/utf8internal",
    "language",
    "runes",
    "transform",
    "unicode/cldr",
    "unicode/norm"
  ]
  revision = "f21a4dfb5e38f5895301dc265a8def02365cc3d0"
  version = "v0.3.0"

[[projects]]
  name = "google.golang.org/appengine"
  packages = [
    ".",
    "datastore",
    "internal",
    "internal/app_identity",
    "internal/base",
    "internal/datastore",
    "internal/log",
    "internal/modules",
    "internal/remote_api",
    "internal/urlfetch",
    "urlfetch"
  ]
  revision = "150dc57a1b433e64154302bdc40b6bb8aefa313a"
  version = "v1.0.0"

[[projects]]
  name = "gopkg.in/alexcesaro/statsd.v2"
  packages = ["."]
  revision = "7fea3f0d2fab1ad973e641e51dba45443a311a90"
  version = "v2.0.0"

[[projects]]
  name = "gopkg.in/vmihailenco/msgpack.v2"
  packages = [
    ".",
    "codes"
  ]
  revision = "f4f8982de4ef0de18be76456617cc3f5d8d8141e"
  version = "v2.9.1"

[solve-meta]
  analyzer-name = "dep"
  analyzer-version = 1
  inputs-digest = "b0206af1d77abcbcb75263cd3f129825f82f5d218cda68eaf2be352ee72c1cf9"
  solver-name = "gps-cdcl"
  solver-version = 1
